
Microsoft Visual Studio Solution File, Format Version 12.00
# Visual Studio Version 16
VisualStudioVersion = 16.0.29503.13
MinimumVisualStudioVersion = 10.0.40219.1
Project("{9A19103F-16F7-4668-BE54-9A1E7A4F7556}") = "NetCoreServer", "source\NetCoreServer\NetCoreServer.csproj", "{F338BFE3-6C55-4BB7-960D-0B2A81A011C3}"
EndProject
Project("{2150E333-8FDC-42A3-9474-1A3956D46DE8}") = "examples", "examples", "{81ED94B5-0C65-432C-AEF5-67C3DFF7F2EE}"
EndProject
Project("{2150E333-8FDC-42A3-9474-1A3956D46DE8}") = "performance", "performance", "{8965E5CD-E36E-4DC5-A36E-827AFFC642D1}"
EndProject
Project("{9A19103F-16F7-4668-BE54-9A1E7A4F7556}") = "TcpChatServer", "examples\TcpChatServer\TcpChatServer.csproj", "{AC03EE4C-F42A-40B4-83FB-16A5DA368947}"
EndProject
Project("{9A19103F-16F7-4668-BE54-9A1E7A4F7556}") = "TcpEchoServer", "performance\TcpEchoServer\TcpEchoServer.csproj", "{AE084BD5-29FB-459F-A29E-40D0656005E2}"
EndProject
Project("{9A19103F-16F7-4668-BE54-9A1E7A4F7556}") = "TcpMulticastServer", "performance\TcpMulticastServer\TcpMulticastServer.csproj", "{33550E4B-BF56-4307-BA5E-C815D372010C}"
EndProject
Project("{9A19103F-16F7-4668-BE54-9A1E7A4F7556}") = "TcpChatClient", "examples\TcpChatClient\TcpChatClient.csproj", "{2535575F-D98F-4398-BB3D-F7FA0CC2F9DB}"
EndProject
Project("{9A19103F-16F7-4668-BE54-9A1E7A4F7556}") = "TcpEchoClient", "performance\TcpEchoClient\TcpEchoClient.csproj", "{A1EA2EF7-663C-48E0-9AEB-E3AF7F139839}"
EndProject
Project("{9A19103F-16F7-4668-BE54-9A1E7A4F7556}") = "TcpMulticastClient", "performance\TcpMulticastClient\TcpMulticastClient.csproj", "{580A09F4-D24A-408B-A75C-A4AF2B15AE02}"
EndProject
Project("{9A19103F-16F7-4668-BE54-9A1E7A4F7556}") = "tests", "tests\tests.csproj", "{9C37C898-6C8C-49D6-B06F-0A9B26F3FF7F}"
EndProject
Project("{9A19103F-16F7-4668-BE54-9A1E7A4F7556}") = "UdpEchoClient", "examples\UdpEchoClient\UdpEchoClient.csproj", "{08FAAF0A-5D41-45F7-A6D3-A0AB84E26B36}"
EndProject
Project("{9A19103F-16F7-4668-BE54-9A1E7A4F7556}") = "UdpMulticastClient", "examples\UdpMulticastClient\UdpMulticastClient.csproj", "{08200780-1BD6-4E3C-8059-D28E614A1375}"
EndProject
Project("{9A19103F-16F7-4668-BE54-9A1E7A4F7556}") = "UdpEchoClient", "performance\UdpEchoClient\UdpEchoClient.csproj", "{A3AA15B3-FD4D-4CFA-989A-B9EE6F18E687}"
EndProject
Project("{9A19103F-16F7-4668-BE54-9A1E7A4F7556}") = "UdpMulticastClient", "performance\UdpMulticastClient\UdpMulticastClient.csproj", "{8F357970-5559-4129-9129-BD085688DF98}"
EndProject
Project("{9A19103F-16F7-4668-BE54-9A1E7A4F7556}") = "UdpEchoServer", "examples\UdpEchoServer\UdpEchoServer.csproj", "{148EF33E-8884-411D-8B3A-F75DFA96DCD9}"
EndProject
Project("{9A19103F-16F7-4668-BE54-9A1E7A4F7556}") = "UdpMulticastServer", "examples\UdpMulticastServer\UdpMulticastServer.csproj", "{B2AF0232-BBCF-4A4A-82E5-112F5279EE67}"
EndProject
Project("{9A19103F-16F7-4668-BE54-9A1E7A4F7556}") = "UdpEchoServer", "performance\UdpEchoServer\UdpEchoServer.csproj", "{A83EDDC0-414B-482D-BFF7-26AC70ED3FBB}"
EndProject
Project("{9A19103F-16F7-4668-BE54-9A1E7A4F7556}") = "UdpMulticastServer", "performance\UdpMulticastServer\UdpMulticastServer.csproj", "{9B9383BA-57B1-4B69-81F5-7F3FA7ECF6C8}"
EndProject
Project("{9A19103F-16F7-4668-BE54-9A1E7A4F7556}") = "SslChatServer", "examples\SslChatServer\SslChatServer.csproj", "{A091E592-950E-438B-87B2-ABBD0F7812F0}"
EndProject
Project("{9A19103F-16F7-4668-BE54-9A1E7A4F7556}") = "SslChatClient", "examples\SslChatClient\SslChatClient.csproj", "{E9668313-F7DD-48AD-9BC2-1E015DB238E1}"
EndProject
Project("{9A19103F-16F7-4668-BE54-9A1E7A4F7556}") = "SslEchoClient", "performance\SslEchoClient\SslEchoClient.csproj", "{660B55DA-E6F1-436A-9EA6-E80B498B0A65}"
EndProject
Project("{9A19103F-16F7-4668-BE54-9A1E7A4F7556}") = "SslEchoServer", "performance\SslEchoServer\SslEchoServer.csproj", "{2028D7FF-922C-42B1-98A3-FEA0250CCDDC}"
EndProject
Project("{9A19103F-16F7-4668-BE54-9A1E7A4F7556}") = "SslMulticastClient", "performance\SslMulticastClient\SslMulticastClient.csproj", "{9686ECB4-BBB7-43B1-BDAF-8660676C2944}"
EndProject
Project("{9A19103F-16F7-4668-BE54-9A1E7A4F7556}") = "SslMulticastServer", "performance\SslMulticastServer\SslMulticastServer.csproj", "{1BCD5345-E960-4421-90C8-ECCECB7B7D78}"
EndProject
Project("{9A19103F-16F7-4668-BE54-9A1E7A4F7556}") = "HttpClient", "examples\HttpClient\HttpClient.csproj", "{6055BB05-B0BA-4C1A-9959-A58A94A9E133}"
EndProject
Project("{9A19103F-16F7-4668-BE54-9A1E7A4F7556}") = "HttpsClient", "examples\HttpsClient\HttpsClient.csproj", "{011C30CD-EF84-4F2A-BA2C-00E97A3D1293}"
EndProject
Project("{9A19103F-16F7-4668-BE54-9A1E7A4F7556}") = "HttpServer", "examples\HttpServer\HttpServer.csproj", "{A8D93D3B-3965-4C0B-863B-8ABB8A3D1A6C}"
EndProject
Project("{9A19103F-16F7-4668-BE54-9A1E7A4F7556}") = "HttpsServer", "examples\HttpsServer\HttpsServer.csproj", "{72F66D22-9166-48EF-9373-C8B84A1B89C3}"
EndProject
Project("{9A19103F-16F7-4668-BE54-9A1E7A4F7556}") = "WsChatClient", "examples\WsChatClient\WsChatClient.csproj", "{34651EB9-7F86-40DC-9502-C34620660639}"
EndProject
Project("{9A19103F-16F7-4668-BE54-9A1E7A4F7556}") = "WsChatServer", "examples\WsChatServer\WsChatServer.csproj", "{725BD5ED-FBFF-4EBC-84C2-C1886650F77E}"
EndProject
Project("{9A19103F-16F7-4668-BE54-9A1E7A4F7556}") = "WssChatClient", "examples\WssChatClient\WssChatClient.csproj", "{50E763C4-96E1-407A-A13A-40E0096CBA5E}"
EndProject
Project("{9A19103F-16F7-4668-BE54-9A1E7A4F7556}") = "WssChatServer", "examples\WssChatServer\WssChatServer.csproj", "{F996C4E7-34C1-4995-A81E-4A8EDBD6133A}"
EndProject
Project("{9A19103F-16F7-4668-BE54-9A1E7A4F7556}") = "HttpsTraceClient", "performance\HttpsTraceClient\HttpsTraceClient.csproj", "{56CCD7B2-0103-480D-8532-AEC9B4653D09}"
EndProject
Project("{9A19103F-16F7-4668-BE54-9A1E7A4F7556}") = "HttpsTraceServer", "performance\HttpsTraceServer\HttpsTraceServer.csproj", "{15B80BCD-F57A-472B-98F4-B79C1187D2D6}"
EndProject
Project("{9A19103F-16F7-4668-BE54-9A1E7A4F7556}") = "HttpTraceClient", "performance\HttpTraceClient\HttpTraceClient.csproj", "{B4DC640E-5E23-4F6E-A52C-EB4D245A70B0}"
EndProject
Project("{9A19103F-16F7-4668-BE54-9A1E7A4F7556}") = "HttpTraceServer", "performance\HttpTraceServer\HttpTraceServer.csproj", "{A1810AB7-1DBA-46CA-A371-28695F525AA9}"
EndProject
Project("{9A19103F-16F7-4668-BE54-9A1E7A4F7556}") = "WsEchoClient", "performance\WsEchoClient\WsEchoClient.csproj", "{ADBDEB82-6637-449F-B08F-D821BBC3BA89}"
EndProject
Project("{9A19103F-16F7-4668-BE54-9A1E7A4F7556}") = "WsEchoServer", "performance\WsEchoServer\WsEchoServer.csproj", "{442B2D6A-A489-464B-B166-36FF1DBA563A}"
EndProject
Project("{9A19103F-16F7-4668-BE54-9A1E7A4F7556}") = "WsMulticastClient", "performance\WsMulticastClient\WsMulticastClient.csproj", "{2710B2BE-934C-4BE6-873D-8186EF5172AC}"
EndProject
Project("{9A19103F-16F7-4668-BE54-9A1E7A4F7556}") = "WsMulticastServer", "performance\WsMulticastServer\WsMulticastServer.csproj", "{DB65FAA4-F5BD-412C-AEBF-D927A6D001A2}"
EndProject
Project("{9A19103F-16F7-4668-BE54-9A1E7A4F7556}") = "WssEchoClient", "performance\WssEchoClient\WssEchoClient.csproj", "{745DC012-FE49-4055-8AD6-0950E0B557A8}"
EndProject
Project("{9A19103F-16F7-4668-BE54-9A1E7A4F7556}") = "WssEchoServer", "performance\WssEchoServer\WssEchoServer.csproj", "{932ED938-2161-48EF-B470-79C1FDCC5DE9}"
EndProject
Project("{9A19103F-16F7-4668-BE54-9A1E7A4F7556}") = "WssMulticastClient", "performance\WssMulticastClient\WssMulticastClient.csproj", "{B72966AB-CAD1-4939-971D-AB3D97B7265C}"
EndProject
Project("{9A19103F-16F7-4668-BE54-9A1E7A4F7556}") = "WssMulticastServer", "performance\WssMulticastServer\WssMulticastServer.csproj", "{6F858565-C5FE-4A86-B387-1C870F802EE4}"
EndProject
Global
	GlobalSection(SolutionConfigurationPlatforms) = preSolution
		Debug|Any CPU = Debug|Any CPU
		Debug|x64 = Debug|x64
		Debug|x86 = Debug|x86
		Release|Any CPU = Release|Any CPU
		Release|x64 = Release|x64
		Release|x86 = Release|x86
	EndGlobalSection
	GlobalSection(ProjectConfigurationPlatforms) = postSolution
		{F338BFE3-6C55-4BB7-960D-0B2A81A011C3}.Debug|Any CPU.ActiveCfg = Debug|Any CPU
		{F338BFE3-6C55-4BB7-960D-0B2A81A011C3}.Debug|Any CPU.Build.0 = Debug|Any CPU
		{F338BFE3-6C55-4BB7-960D-0B2A81A011C3}.Debug|x64.ActiveCfg = Debug|Any CPU
		{F338BFE3-6C55-4BB7-960D-0B2A81A011C3}.Debug|x64.Build.0 = Debug|Any CPU
		{F338BFE3-6C55-4BB7-960D-0B2A81A011C3}.Debug|x86.ActiveCfg = Debug|Any CPU
		{F338BFE3-6C55-4BB7-960D-0B2A81A011C3}.Debug|x86.Build.0 = Debug|Any CPU
		{F338BFE3-6C55-4BB7-960D-0B2A81A011C3}.Release|Any CPU.ActiveCfg = Release|Any CPU
		{F338BFE3-6C55-4BB7-960D-0B2A81A011C3}.Release|Any CPU.Build.0 = Release|Any CPU
		{F338BFE3-6C55-4BB7-960D-0B2A81A011C3}.Release|x64.ActiveCfg = Release|Any CPU
		{F338BFE3-6C55-4BB7-960D-0B2A81A011C3}.Release|x64.Build.0 = Release|Any CPU
		{F338BFE3-6C55-4BB7-960D-0B2A81A011C3}.Release|x86.ActiveCfg = Release|Any CPU
		{F338BFE3-6C55-4BB7-960D-0B2A81A011C3}.Release|x86.Build.0 = Release|Any CPU
		{AC03EE4C-F42A-40B4-83FB-16A5DA368947}.Debug|Any CPU.ActiveCfg = Debug|Any CPU
		{AC03EE4C-F42A-40B4-83FB-16A5DA368947}.Debug|Any CPU.Build.0 = Debug|Any CPU
		{AC03EE4C-F42A-40B4-83FB-16A5DA368947}.Debug|x64.ActiveCfg = Debug|Any CPU
		{AC03EE4C-F42A-40B4-83FB-16A5DA368947}.Debug|x64.Build.0 = Debug|Any CPU
		{AC03EE4C-F42A-40B4-83FB-16A5DA368947}.Debug|x86.ActiveCfg = Debug|Any CPU
		{AC03EE4C-F42A-40B4-83FB-16A5DA368947}.Debug|x86.Build.0 = Debug|Any CPU
		{AC03EE4C-F42A-40B4-83FB-16A5DA368947}.Release|Any CPU.ActiveCfg = Release|Any CPU
		{AC03EE4C-F42A-40B4-83FB-16A5DA368947}.Release|Any CPU.Build.0 = Release|Any CPU
		{AC03EE4C-F42A-40B4-83FB-16A5DA368947}.Release|x64.ActiveCfg = Release|Any CPU
		{AC03EE4C-F42A-40B4-83FB-16A5DA368947}.Release|x64.Build.0 = Release|Any CPU
		{AC03EE4C-F42A-40B4-83FB-16A5DA368947}.Release|x86.ActiveCfg = Release|Any CPU
		{AC03EE4C-F42A-40B4-83FB-16A5DA368947}.Release|x86.Build.0 = Release|Any CPU
		{AE084BD5-29FB-459F-A29E-40D0656005E2}.Debug|Any CPU.ActiveCfg = Debug|Any CPU
		{AE084BD5-29FB-459F-A29E-40D0656005E2}.Debug|Any CPU.Build.0 = Debug|Any CPU
		{AE084BD5-29FB-459F-A29E-40D0656005E2}.Debug|x64.ActiveCfg = Debug|Any CPU
		{AE084BD5-29FB-459F-A29E-40D0656005E2}.Debug|x64.Build.0 = Debug|Any CPU
		{AE084BD5-29FB-459F-A29E-40D0656005E2}.Debug|x86.ActiveCfg = Debug|Any CPU
		{AE084BD5-29FB-459F-A29E-40D0656005E2}.Debug|x86.Build.0 = Debug|Any CPU
		{AE084BD5-29FB-459F-A29E-40D0656005E2}.Release|Any CPU.ActiveCfg = Release|Any CPU
		{AE084BD5-29FB-459F-A29E-40D0656005E2}.Release|Any CPU.Build.0 = Release|Any CPU
		{AE084BD5-29FB-459F-A29E-40D0656005E2}.Release|x64.ActiveCfg = Release|Any CPU
		{AE084BD5-29FB-459F-A29E-40D0656005E2}.Release|x64.Build.0 = Release|Any CPU
		{AE084BD5-29FB-459F-A29E-40D0656005E2}.Release|x86.ActiveCfg = Release|Any CPU
		{AE084BD5-29FB-459F-A29E-40D0656005E2}.Release|x86.Build.0 = Release|Any CPU
		{33550E4B-BF56-4307-BA5E-C815D372010C}.Debug|Any CPU.ActiveCfg = Debug|Any CPU
		{33550E4B-BF56-4307-BA5E-C815D372010C}.Debug|Any CPU.Build.0 = Debug|Any CPU
		{33550E4B-BF56-4307-BA5E-C815D372010C}.Debug|x64.ActiveCfg = Debug|Any CPU
		{33550E4B-BF56-4307-BA5E-C815D372010C}.Debug|x64.Build.0 = Debug|Any CPU
		{33550E4B-BF56-4307-BA5E-C815D372010C}.Debug|x86.ActiveCfg = Debug|Any CPU
		{33550E4B-BF56-4307-BA5E-C815D372010C}.Debug|x86.Build.0 = Debug|Any CPU
		{33550E4B-BF56-4307-BA5E-C815D372010C}.Release|Any CPU.ActiveCfg = Release|Any CPU
		{33550E4B-BF56-4307-BA5E-C815D372010C}.Release|Any CPU.Build.0 = Release|Any CPU
		{33550E4B-BF56-4307-BA5E-C815D372010C}.Release|x64.ActiveCfg = Release|Any CPU
		{33550E4B-BF56-4307-BA5E-C815D372010C}.Release|x64.Build.0 = Release|Any CPU
		{33550E4B-BF56-4307-BA5E-C815D372010C}.Release|x86.ActiveCfg = Release|Any CPU
		{33550E4B-BF56-4307-BA5E-C815D372010C}.Release|x86.Build.0 = Release|Any CPU
		{2535575F-D98F-4398-BB3D-F7FA0CC2F9DB}.Debug|Any CPU.ActiveCfg = Debug|Any CPU
		{2535575F-D98F-4398-BB3D-F7FA0CC2F9DB}.Debug|Any CPU.Build.0 = Debug|Any CPU
		{2535575F-D98F-4398-BB3D-F7FA0CC2F9DB}.Debug|x64.ActiveCfg = Debug|Any CPU
		{2535575F-D98F-4398-BB3D-F7FA0CC2F9DB}.Debug|x64.Build.0 = Debug|Any CPU
		{2535575F-D98F-4398-BB3D-F7FA0CC2F9DB}.Debug|x86.ActiveCfg = Debug|Any CPU
		{2535575F-D98F-4398-BB3D-F7FA0CC2F9DB}.Debug|x86.Build.0 = Debug|Any CPU
		{2535575F-D98F-4398-BB3D-F7FA0CC2F9DB}.Release|Any CPU.ActiveCfg = Release|Any CPU
		{2535575F-D98F-4398-BB3D-F7FA0CC2F9DB}.Release|Any CPU.Build.0 = Release|Any CPU
		{2535575F-D98F-4398-BB3D-F7FA0CC2F9DB}.Release|x64.ActiveCfg = Release|Any CPU
		{2535575F-D98F-4398-BB3D-F7FA0CC2F9DB}.Release|x64.Build.0 = Release|Any CPU
		{2535575F-D98F-4398-BB3D-F7FA0CC2F9DB}.Release|x86.ActiveCfg = Release|Any CPU
		{2535575F-D98F-4398-BB3D-F7FA0CC2F9DB}.Release|x86.Build.0 = Release|Any CPU
		{A1EA2EF7-663C-48E0-9AEB-E3AF7F139839}.Debug|Any CPU.ActiveCfg = Debug|Any CPU
		{A1EA2EF7-663C-48E0-9AEB-E3AF7F139839}.Debug|Any CPU.Build.0 = Debug|Any CPU
		{A1EA2EF7-663C-48E0-9AEB-E3AF7F139839}.Debug|x64.ActiveCfg = Debug|Any CPU
		{A1EA2EF7-663C-48E0-9AEB-E3AF7F139839}.Debug|x64.Build.0 = Debug|Any CPU
		{A1EA2EF7-663C-48E0-9AEB-E3AF7F139839}.Debug|x86.ActiveCfg = Debug|Any CPU
		{A1EA2EF7-663C-48E0-9AEB-E3AF7F139839}.Debug|x86.Build.0 = Debug|Any CPU
		{A1EA2EF7-663C-48E0-9AEB-E3AF7F139839}.Release|Any CPU.ActiveCfg = Release|Any CPU
		{A1EA2EF7-663C-48E0-9AEB-E3AF7F139839}.Release|Any CPU.Build.0 = Release|Any CPU
		{A1EA2EF7-663C-48E0-9AEB-E3AF7F139839}.Release|x64.ActiveCfg = Release|Any CPU
		{A1EA2EF7-663C-48E0-9AEB-E3AF7F139839}.Release|x64.Build.0 = Release|Any CPU
		{A1EA2EF7-663C-48E0-9AEB-E3AF7F139839}.Release|x86.ActiveCfg = Release|Any CPU
		{A1EA2EF7-663C-48E0-9AEB-E3AF7F139839}.Release|x86.Build.0 = Release|Any CPU
		{580A09F4-D24A-408B-A75C-A4AF2B15AE02}.Debug|Any CPU.ActiveCfg = Debug|Any CPU
		{580A09F4-D24A-408B-A75C-A4AF2B15AE02}.Debug|Any CPU.Build.0 = Debug|Any CPU
		{580A09F4-D24A-408B-A75C-A4AF2B15AE02}.Debug|x64.ActiveCfg = Debug|Any CPU
		{580A09F4-D24A-408B-A75C-A4AF2B15AE02}.Debug|x64.Build.0 = Debug|Any CPU
		{580A09F4-D24A-408B-A75C-A4AF2B15AE02}.Debug|x86.ActiveCfg = Debug|Any CPU
		{580A09F4-D24A-408B-A75C-A4AF2B15AE02}.Debug|x86.Build.0 = Debug|Any CPU
		{580A09F4-D24A-408B-A75C-A4AF2B15AE02}.Release|Any CPU.ActiveCfg = Release|Any CPU
		{580A09F4-D24A-408B-A75C-A4AF2B15AE02}.Release|Any CPU.Build.0 = Release|Any CPU
		{580A09F4-D24A-408B-A75C-A4AF2B15AE02}.Release|x64.ActiveCfg = Release|Any CPU
		{580A09F4-D24A-408B-A75C-A4AF2B15AE02}.Release|x64.Build.0 = Release|Any CPU
		{580A09F4-D24A-408B-A75C-A4AF2B15AE02}.Release|x86.ActiveCfg = Release|Any CPU
		{580A09F4-D24A-408B-A75C-A4AF2B15AE02}.Release|x86.Build.0 = Release|Any CPU
		{9C37C898-6C8C-49D6-B06F-0A9B26F3FF7F}.Debug|Any CPU.ActiveCfg = Debug|Any CPU
		{9C37C898-6C8C-49D6-B06F-0A9B26F3FF7F}.Debug|Any CPU.Build.0 = Debug|Any CPU
		{9C37C898-6C8C-49D6-B06F-0A9B26F3FF7F}.Debug|x64.ActiveCfg = Debug|Any CPU
		{9C37C898-6C8C-49D6-B06F-0A9B26F3FF7F}.Debug|x64.Build.0 = Debug|Any CPU
		{9C37C898-6C8C-49D6-B06F-0A9B26F3FF7F}.Debug|x86.ActiveCfg = Debug|Any CPU
		{9C37C898-6C8C-49D6-B06F-0A9B26F3FF7F}.Debug|x86.Build.0 = Debug|Any CPU
		{9C37C898-6C8C-49D6-B06F-0A9B26F3FF7F}.Release|Any CPU.ActiveCfg = Release|Any CPU
		{9C37C898-6C8C-49D6-B06F-0A9B26F3FF7F}.Release|Any CPU.Build.0 = Release|Any CPU
		{9C37C898-6C8C-49D6-B06F-0A9B26F3FF7F}.Release|x64.ActiveCfg = Release|Any CPU
		{9C37C898-6C8C-49D6-B06F-0A9B26F3FF7F}.Release|x64.Build.0 = Release|Any CPU
		{9C37C898-6C8C-49D6-B06F-0A9B26F3FF7F}.Release|x86.ActiveCfg = Release|Any CPU
		{9C37C898-6C8C-49D6-B06F-0A9B26F3FF7F}.Release|x86.Build.0 = Release|Any CPU
		{08FAAF0A-5D41-45F7-A6D3-A0AB84E26B36}.Debug|Any CPU.ActiveCfg = Debug|Any CPU
		{08FAAF0A-5D41-45F7-A6D3-A0AB84E26B36}.Debug|Any CPU.Build.0 = Debug|Any CPU
		{08FAAF0A-5D41-45F7-A6D3-A0AB84E26B36}.Debug|x64.ActiveCfg = Debug|Any CPU
		{08FAAF0A-5D41-45F7-A6D3-A0AB84E26B36}.Debug|x64.Build.0 = Debug|Any CPU
		{08FAAF0A-5D41-45F7-A6D3-A0AB84E26B36}.Debug|x86.ActiveCfg = Debug|Any CPU
		{08FAAF0A-5D41-45F7-A6D3-A0AB84E26B36}.Debug|x86.Build.0 = Debug|Any CPU
		{08FAAF0A-5D41-45F7-A6D3-A0AB84E26B36}.Release|Any CPU.ActiveCfg = Release|Any CPU
		{08FAAF0A-5D41-45F7-A6D3-A0AB84E26B36}.Release|Any CPU.Build.0 = Release|Any CPU
		{08FAAF0A-5D41-45F7-A6D3-A0AB84E26B36}.Release|x64.ActiveCfg = Release|Any CPU
		{08FAAF0A-5D41-45F7-A6D3-A0AB84E26B36}.Release|x64.Build.0 = Release|Any CPU
		{08FAAF0A-5D41-45F7-A6D3-A0AB84E26B36}.Release|x86.ActiveCfg = Release|Any CPU
		{08FAAF0A-5D41-45F7-A6D3-A0AB84E26B36}.Release|x86.Build.0 = Release|Any CPU
		{08200780-1BD6-4E3C-8059-D28E614A1375}.Debug|Any CPU.ActiveCfg = Debug|Any CPU
		{08200780-1BD6-4E3C-8059-D28E614A1375}.Debug|Any CPU.Build.0 = Debug|Any CPU
		{08200780-1BD6-4E3C-8059-D28E614A1375}.Debug|x64.ActiveCfg = Debug|Any CPU
		{08200780-1BD6-4E3C-8059-D28E614A1375}.Debug|x64.Build.0 = Debug|Any CPU
		{08200780-1BD6-4E3C-8059-D28E614A1375}.Debug|x86.ActiveCfg = Debug|Any CPU
		{08200780-1BD6-4E3C-8059-D28E614A1375}.Debug|x86.Build.0 = Debug|Any CPU
		{08200780-1BD6-4E3C-8059-D28E614A1375}.Release|Any CPU.ActiveCfg = Release|Any CPU
		{08200780-1BD6-4E3C-8059-D28E614A1375}.Release|Any CPU.Build.0 = Release|Any CPU
		{08200780-1BD6-4E3C-8059-D28E614A1375}.Release|x64.ActiveCfg = Release|Any CPU
		{08200780-1BD6-4E3C-8059-D28E614A1375}.Release|x64.Build.0 = Release|Any CPU
		{08200780-1BD6-4E3C-8059-D28E614A1375}.Release|x86.ActiveCfg = Release|Any CPU
		{08200780-1BD6-4E3C-8059-D28E614A1375}.Release|x86.Build.0 = Release|Any CPU
		{A3AA15B3-FD4D-4CFA-989A-B9EE6F18E687}.Debug|Any CPU.ActiveCfg = Debug|Any CPU
		{A3AA15B3-FD4D-4CFA-989A-B9EE6F18E687}.Debug|Any CPU.Build.0 = Debug|Any CPU
		{A3AA15B3-FD4D-4CFA-989A-B9EE6F18E687}.Debug|x64.ActiveCfg = Debug|Any CPU
		{A3AA15B3-FD4D-4CFA-989A-B9EE6F18E687}.Debug|x64.Build.0 = Debug|Any CPU
		{A3AA15B3-FD4D-4CFA-989A-B9EE6F18E687}.Debug|x86.ActiveCfg = Debug|Any CPU
		{A3AA15B3-FD4D-4CFA-989A-B9EE6F18E687}.Debug|x86.Build.0 = Debug|Any CPU
		{A3AA15B3-FD4D-4CFA-989A-B9EE6F18E687}.Release|Any CPU.ActiveCfg = Release|Any CPU
		{A3AA15B3-FD4D-4CFA-989A-B9EE6F18E687}.Release|Any CPU.Build.0 = Release|Any CPU
		{A3AA15B3-FD4D-4CFA-989A-B9EE6F18E687}.Release|x64.ActiveCfg = Release|Any CPU
		{A3AA15B3-FD4D-4CFA-989A-B9EE6F18E687}.Release|x64.Build.0 = Release|Any CPU
		{A3AA15B3-FD4D-4CFA-989A-B9EE6F18E687}.Release|x86.ActiveCfg = Release|Any CPU
		{A3AA15B3-FD4D-4CFA-989A-B9EE6F18E687}.Release|x86.Build.0 = Release|Any CPU
		{8F357970-5559-4129-9129-BD085688DF98}.Debug|Any CPU.ActiveCfg = Debug|Any CPU
		{8F357970-5559-4129-9129-BD085688DF98}.Debug|Any CPU.Build.0 = Debug|Any CPU
		{8F357970-5559-4129-9129-BD085688DF98}.Debug|x64.ActiveCfg = Debug|Any CPU
		{8F357970-5559-4129-9129-BD085688DF98}.Debug|x64.Build.0 = Debug|Any CPU
		{8F357970-5559-4129-9129-BD085688DF98}.Debug|x86.ActiveCfg = Debug|Any CPU
		{8F357970-5559-4129-9129-BD085688DF98}.Debug|x86.Build.0 = Debug|Any CPU
		{8F357970-5559-4129-9129-BD085688DF98}.Release|Any CPU.ActiveCfg = Release|Any CPU
		{8F357970-5559-4129-9129-BD085688DF98}.Release|Any CPU.Build.0 = Release|Any CPU
		{8F357970-5559-4129-9129-BD085688DF98}.Release|x64.ActiveCfg = Release|Any CPU
		{8F357970-5559-4129-9129-BD085688DF98}.Release|x64.Build.0 = Release|Any CPU
		{8F357970-5559-4129-9129-BD085688DF98}.Release|x86.ActiveCfg = Release|Any CPU
		{8F357970-5559-4129-9129-BD085688DF98}.Release|x86.Build.0 = Release|Any CPU
		{148EF33E-8884-411D-8B3A-F75DFA96DCD9}.Debug|Any CPU.ActiveCfg = Debug|Any CPU
		{148EF33E-8884-411D-8B3A-F75DFA96DCD9}.Debug|Any CPU.Build.0 = Debug|Any CPU
		{148EF33E-8884-411D-8B3A-F75DFA96DCD9}.Debug|x64.ActiveCfg = Debug|Any CPU
		{148EF33E-8884-411D-8B3A-F75DFA96DCD9}.Debug|x64.Build.0 = Debug|Any CPU
		{148EF33E-8884-411D-8B3A-F75DFA96DCD9}.Debug|x86.ActiveCfg = Debug|Any CPU
		{148EF33E-8884-411D-8B3A-F75DFA96DCD9}.Debug|x86.Build.0 = Debug|Any CPU
		{148EF33E-8884-411D-8B3A-F75DFA96DCD9}.Release|Any CPU.ActiveCfg = Release|Any CPU
		{148EF33E-8884-411D-8B3A-F75DFA96DCD9}.Release|Any CPU.Build.0 = Release|Any CPU
		{148EF33E-8884-411D-8B3A-F75DFA96DCD9}.Release|x64.ActiveCfg = Release|Any CPU
		{148EF33E-8884-411D-8B3A-F75DFA96DCD9}.Release|x64.Build.0 = Release|Any CPU
		{148EF33E-8884-411D-8B3A-F75DFA96DCD9}.Release|x86.ActiveCfg = Release|Any CPU
		{148EF33E-8884-411D-8B3A-F75DFA96DCD9}.Release|x86.Build.0 = Release|Any CPU
		{B2AF0232-BBCF-4A4A-82E5-112F5279EE67}.Debug|Any CPU.ActiveCfg = Debug|Any CPU
		{B2AF0232-BBCF-4A4A-82E5-112F5279EE67}.Debug|Any CPU.Build.0 = Debug|Any CPU
		{B2AF0232-BBCF-4A4A-82E5-112F5279EE67}.Debug|x64.ActiveCfg = Debug|Any CPU
		{B2AF0232-BBCF-4A4A-82E5-112F5279EE67}.Debug|x64.Build.0 = Debug|Any CPU
		{B2AF0232-BBCF-4A4A-82E5-112F5279EE67}.Debug|x86.ActiveCfg = Debug|Any CPU
		{B2AF0232-BBCF-4A4A-82E5-112F5279EE67}.Debug|x86.Build.0 = Debug|Any CPU
		{B2AF0232-BBCF-4A4A-82E5-112F5279EE67}.Release|Any CPU.ActiveCfg = Release|Any CPU
		{B2AF0232-BBCF-4A4A-82E5-112F5279EE67}.Release|Any CPU.Build.0 = Release|Any CPU
		{B2AF0232-BBCF-4A4A-82E5-112F5279EE67}.Release|x64.ActiveCfg = Release|Any CPU
		{B2AF0232-BBCF-4A4A-82E5-112F5279EE67}.Release|x64.Build.0 = Release|Any CPU
		{B2AF0232-BBCF-4A4A-82E5-112F5279EE67}.Release|x86.ActiveCfg = Release|Any CPU
		{B2AF0232-BBCF-4A4A-82E5-112F5279EE67}.Release|x86.Build.0 = Release|Any CPU
		{A83EDDC0-414B-482D-BFF7-26AC70ED3FBB}.Debug|Any CPU.ActiveCfg = Debug|Any CPU
		{A83EDDC0-414B-482D-BFF7-26AC70ED3FBB}.Debug|Any CPU.Build.0 = Debug|Any CPU
		{A83EDDC0-414B-482D-BFF7-26AC70ED3FBB}.Debug|x64.ActiveCfg = Debug|Any CPU
		{A83EDDC0-414B-482D-BFF7-26AC70ED3FBB}.Debug|x64.Build.0 = Debug|Any CPU
		{A83EDDC0-414B-482D-BFF7-26AC70ED3FBB}.Debug|x86.ActiveCfg = Debug|Any CPU
		{A83EDDC0-414B-482D-BFF7-26AC70ED3FBB}.Debug|x86.Build.0 = Debug|Any CPU
		{A83EDDC0-414B-482D-BFF7-26AC70ED3FBB}.Release|Any CPU.ActiveCfg = Release|Any CPU
		{A83EDDC0-414B-482D-BFF7-26AC70ED3FBB}.Release|Any CPU.Build.0 = Release|Any CPU
		{A83EDDC0-414B-482D-BFF7-26AC70ED3FBB}.Release|x64.ActiveCfg = Release|Any CPU
		{A83EDDC0-414B-482D-BFF7-26AC70ED3FBB}.Release|x64.Build.0 = Release|Any CPU
		{A83EDDC0-414B-482D-BFF7-26AC70ED3FBB}.Release|x86.ActiveCfg = Release|Any CPU
		{A83EDDC0-414B-482D-BFF7-26AC70ED3FBB}.Release|x86.Build.0 = Release|Any CPU
		{9B9383BA-57B1-4B69-81F5-7F3FA7ECF6C8}.Debug|Any CPU.ActiveCfg = Debug|Any CPU
		{9B9383BA-57B1-4B69-81F5-7F3FA7ECF6C8}.Debug|Any CPU.Build.0 = Debug|Any CPU
		{9B9383BA-57B1-4B69-81F5-7F3FA7ECF6C8}.Debug|x64.ActiveCfg = Debug|Any CPU
		{9B9383BA-57B1-4B69-81F5-7F3FA7ECF6C8}.Debug|x64.Build.0 = Debug|Any CPU
		{9B9383BA-57B1-4B69-81F5-7F3FA7ECF6C8}.Debug|x86.ActiveCfg = Debug|Any CPU
		{9B9383BA-57B1-4B69-81F5-7F3FA7ECF6C8}.Debug|x86.Build.0 = Debug|Any CPU
		{9B9383BA-57B1-4B69-81F5-7F3FA7ECF6C8}.Release|Any CPU.ActiveCfg = Release|Any CPU
		{9B9383BA-57B1-4B69-81F5-7F3FA7ECF6C8}.Release|Any CPU.Build.0 = Release|Any CPU
		{9B9383BA-57B1-4B69-81F5-7F3FA7ECF6C8}.Release|x64.ActiveCfg = Release|Any CPU
		{9B9383BA-57B1-4B69-81F5-7F3FA7ECF6C8}.Release|x64.Build.0 = Release|Any CPU
		{9B9383BA-57B1-4B69-81F5-7F3FA7ECF6C8}.Release|x86.ActiveCfg = Release|Any CPU
		{9B9383BA-57B1-4B69-81F5-7F3FA7ECF6C8}.Release|x86.Build.0 = Release|Any CPU
		{A091E592-950E-438B-87B2-ABBD0F7812F0}.Debug|Any CPU.ActiveCfg = Debug|Any CPU
		{A091E592-950E-438B-87B2-ABBD0F7812F0}.Debug|Any CPU.Build.0 = Debug|Any CPU
		{A091E592-950E-438B-87B2-ABBD0F7812F0}.Debug|x64.ActiveCfg = Debug|Any CPU
		{A091E592-950E-438B-87B2-ABBD0F7812F0}.Debug|x64.Build.0 = Debug|Any CPU
		{A091E592-950E-438B-87B2-ABBD0F7812F0}.Debug|x86.ActiveCfg = Debug|Any CPU
		{A091E592-950E-438B-87B2-ABBD0F7812F0}.Debug|x86.Build.0 = Debug|Any CPU
		{A091E592-950E-438B-87B2-ABBD0F7812F0}.Release|Any CPU.ActiveCfg = Release|Any CPU
		{A091E592-950E-438B-87B2-ABBD0F7812F0}.Release|Any CPU.Build.0 = Release|Any CPU
		{A091E592-950E-438B-87B2-ABBD0F7812F0}.Release|x64.ActiveCfg = Release|Any CPU
		{A091E592-950E-438B-87B2-ABBD0F7812F0}.Release|x64.Build.0 = Release|Any CPU
		{A091E592-950E-438B-87B2-ABBD0F7812F0}.Release|x86.ActiveCfg = Release|Any CPU
		{A091E592-950E-438B-87B2-ABBD0F7812F0}.Release|x86.Build.0 = Release|Any CPU
		{E9668313-F7DD-48AD-9BC2-1E015DB238E1}.Debug|Any CPU.ActiveCfg = Debug|Any CPU
		{E9668313-F7DD-48AD-9BC2-1E015DB238E1}.Debug|Any CPU.Build.0 = Debug|Any CPU
		{E9668313-F7DD-48AD-9BC2-1E015DB238E1}.Debug|x64.ActiveCfg = Debug|Any CPU
		{E9668313-F7DD-48AD-9BC2-1E015DB238E1}.Debug|x64.Build.0 = Debug|Any CPU
		{E9668313-F7DD-48AD-9BC2-1E015DB238E1}.Debug|x86.ActiveCfg = Debug|Any CPU
		{E9668313-F7DD-48AD-9BC2-1E015DB238E1}.Debug|x86.Build.0 = Debug|Any CPU
		{E9668313-F7DD-48AD-9BC2-1E015DB238E1}.Release|Any CPU.ActiveCfg = Release|Any CPU
		{E9668313-F7DD-48AD-9BC2-1E015DB238E1}.Release|Any CPU.Build.0 = Release|Any CPU
		{E9668313-F7DD-48AD-9BC2-1E015DB238E1}.Release|x64.ActiveCfg = Release|Any CPU
		{E9668313-F7DD-48AD-9BC2-1E015DB238E1}.Release|x64.Build.0 = Release|Any CPU
		{E9668313-F7DD-48AD-9BC2-1E015DB238E1}.Release|x86.ActiveCfg = Release|Any CPU
		{E9668313-F7DD-48AD-9BC2-1E015DB238E1}.Release|x86.Build.0 = Release|Any CPU
		{660B55DA-E6F1-436A-9EA6-E80B498B0A65}.Debug|Any CPU.ActiveCfg = Debug|Any CPU
		{660B55DA-E6F1-436A-9EA6-E80B498B0A65}.Debug|Any CPU.Build.0 = Debug|Any CPU
		{660B55DA-E6F1-436A-9EA6-E80B498B0A65}.Debug|x64.ActiveCfg = Debug|Any CPU
		{660B55DA-E6F1-436A-9EA6-E80B498B0A65}.Debug|x64.Build.0 = Debug|Any CPU
		{660B55DA-E6F1-436A-9EA6-E80B498B0A65}.Debug|x86.ActiveCfg = Debug|Any CPU
		{660B55DA-E6F1-436A-9EA6-E80B498B0A65}.Debug|x86.Build.0 = Debug|Any CPU
		{660B55DA-E6F1-436A-9EA6-E80B498B0A65}.Release|Any CPU.ActiveCfg = Release|Any CPU
		{660B55DA-E6F1-436A-9EA6-E80B498B0A65}.Release|Any CPU.Build.0 = Release|Any CPU
		{660B55DA-E6F1-436A-9EA6-E80B498B0A65}.Release|x64.ActiveCfg = Release|Any CPU
		{660B55DA-E6F1-436A-9EA6-E80B498B0A65}.Release|x64.Build.0 = Release|Any CPU
		{660B55DA-E6F1-436A-9EA6-E80B498B0A65}.Release|x86.ActiveCfg = Release|Any CPU
		{660B55DA-E6F1-436A-9EA6-E80B498B0A65}.Release|x86.Build.0 = Release|Any CPU
		{2028D7FF-922C-42B1-98A3-FEA0250CCDDC}.Debug|Any CPU.ActiveCfg = Debug|Any CPU
		{2028D7FF-922C-42B1-98A3-FEA0250CCDDC}.Debug|Any CPU.Build.0 = Debug|Any CPU
		{2028D7FF-922C-42B1-98A3-FEA0250CCDDC}.Debug|x64.ActiveCfg = Debug|Any CPU
		{2028D7FF-922C-42B1-98A3-FEA0250CCDDC}.Debug|x64.Build.0 = Debug|Any CPU
		{2028D7FF-922C-42B1-98A3-FEA0250CCDDC}.Debug|x86.ActiveCfg = Debug|Any CPU
		{2028D7FF-922C-42B1-98A3-FEA0250CCDDC}.Debug|x86.Build.0 = Debug|Any CPU
		{2028D7FF-922C-42B1-98A3-FEA0250CCDDC}.Release|Any CPU.ActiveCfg = Release|Any CPU
		{2028D7FF-922C-42B1-98A3-FEA0250CCDDC}.Release|Any CPU.Build.0 = Release|Any CPU
		{2028D7FF-922C-42B1-98A3-FEA0250CCDDC}.Release|x64.ActiveCfg = Release|Any CPU
		{2028D7FF-922C-42B1-98A3-FEA0250CCDDC}.Release|x64.Build.0 = Release|Any CPU
		{2028D7FF-922C-42B1-98A3-FEA0250CCDDC}.Release|x86.ActiveCfg = Release|Any CPU
		{2028D7FF-922C-42B1-98A3-FEA0250CCDDC}.Release|x86.Build.0 = Release|Any CPU
		{9686ECB4-BBB7-43B1-BDAF-8660676C2944}.Debug|Any CPU.ActiveCfg = Debug|Any CPU
		{9686ECB4-BBB7-43B1-BDAF-8660676C2944}.Debug|Any CPU.Build.0 = Debug|Any CPU
		{9686ECB4-BBB7-43B1-BDAF-8660676C2944}.Debug|x64.ActiveCfg = Debug|Any CPU
		{9686ECB4-BBB7-43B1-BDAF-8660676C2944}.Debug|x64.Build.0 = Debug|Any CPU
		{9686ECB4-BBB7-43B1-BDAF-8660676C2944}.Debug|x86.ActiveCfg = Debug|Any CPU
		{9686ECB4-BBB7-43B1-BDAF-8660676C2944}.Debug|x86.Build.0 = Debug|Any CPU
		{9686ECB4-BBB7-43B1-BDAF-8660676C2944}.Release|Any CPU.ActiveCfg = Release|Any CPU
		{9686ECB4-BBB7-43B1-BDAF-8660676C2944}.Release|Any CPU.Build.0 = Release|Any CPU
		{9686ECB4-BBB7-43B1-BDAF-8660676C2944}.Release|x64.ActiveCfg = Release|Any CPU
		{9686ECB4-BBB7-43B1-BDAF-8660676C2944}.Release|x64.Build.0 = Release|Any CPU
		{9686ECB4-BBB7-43B1-BDAF-8660676C2944}.Release|x86.ActiveCfg = Release|Any CPU
		{9686ECB4-BBB7-43B1-BDAF-8660676C2944}.Release|x86.Build.0 = Release|Any CPU
		{1BCD5345-E960-4421-90C8-ECCECB7B7D78}.Debug|Any CPU.ActiveCfg = Debug|Any CPU
		{1BCD5345-E960-4421-90C8-ECCECB7B7D78}.Debug|Any CPU.Build.0 = Debug|Any CPU
		{1BCD5345-E960-4421-90C8-ECCECB7B7D78}.Debug|x64.ActiveCfg = Debug|Any CPU
		{1BCD5345-E960-4421-90C8-ECCECB7B7D78}.Debug|x64.Build.0 = Debug|Any CPU
		{1BCD5345-E960-4421-90C8-ECCECB7B7D78}.Debug|x86.ActiveCfg = Debug|Any CPU
		{1BCD5345-E960-4421-90C8-ECCECB7B7D78}.Debug|x86.Build.0 = Debug|Any CPU
		{1BCD5345-E960-4421-90C8-ECCECB7B7D78}.Release|Any CPU.ActiveCfg = Release|Any CPU
		{1BCD5345-E960-4421-90C8-ECCECB7B7D78}.Release|Any CPU.Build.0 = Release|Any CPU
		{1BCD5345-E960-4421-90C8-ECCECB7B7D78}.Release|x64.ActiveCfg = Release|Any CPU
		{1BCD5345-E960-4421-90C8-ECCECB7B7D78}.Release|x64.Build.0 = Release|Any CPU
		{1BCD5345-E960-4421-90C8-ECCECB7B7D78}.Release|x86.ActiveCfg = Release|Any CPU
		{1BCD5345-E960-4421-90C8-ECCECB7B7D78}.Release|x86.Build.0 = Release|Any CPU
		{6055BB05-B0BA-4C1A-9959-A58A94A9E133}.Debug|Any CPU.ActiveCfg = Debug|Any CPU
		{6055BB05-B0BA-4C1A-9959-A58A94A9E133}.Debug|Any CPU.Build.0 = Debug|Any CPU
		{6055BB05-B0BA-4C1A-9959-A58A94A9E133}.Debug|x64.ActiveCfg = Debug|Any CPU
		{6055BB05-B0BA-4C1A-9959-A58A94A9E133}.Debug|x64.Build.0 = Debug|Any CPU
		{6055BB05-B0BA-4C1A-9959-A58A94A9E133}.Debug|x86.ActiveCfg = Debug|Any CPU
		{6055BB05-B0BA-4C1A-9959-A58A94A9E133}.Debug|x86.Build.0 = Debug|Any CPU
		{6055BB05-B0BA-4C1A-9959-A58A94A9E133}.Release|Any CPU.ActiveCfg = Release|Any CPU
		{6055BB05-B0BA-4C1A-9959-A58A94A9E133}.Release|Any CPU.Build.0 = Release|Any CPU
		{6055BB05-B0BA-4C1A-9959-A58A94A9E133}.Release|x64.ActiveCfg = Release|Any CPU
		{6055BB05-B0BA-4C1A-9959-A58A94A9E133}.Release|x64.Build.0 = Release|Any CPU
		{6055BB05-B0BA-4C1A-9959-A58A94A9E133}.Release|x86.ActiveCfg = Release|Any CPU
		{6055BB05-B0BA-4C1A-9959-A58A94A9E133}.Release|x86.Build.0 = Release|Any CPU
		{011C30CD-EF84-4F2A-BA2C-00E97A3D1293}.Debug|Any CPU.ActiveCfg = Debug|Any CPU
		{011C30CD-EF84-4F2A-BA2C-00E97A3D1293}.Debug|Any CPU.Build.0 = Debug|Any CPU
		{011C30CD-EF84-4F2A-BA2C-00E97A3D1293}.Debug|x64.ActiveCfg = Debug|Any CPU
		{011C30CD-EF84-4F2A-BA2C-00E97A3D1293}.Debug|x64.Build.0 = Debug|Any CPU
		{011C30CD-EF84-4F2A-BA2C-00E97A3D1293}.Debug|x86.ActiveCfg = Debug|Any CPU
		{011C30CD-EF84-4F2A-BA2C-00E97A3D1293}.Debug|x86.Build.0 = Debug|Any CPU
		{011C30CD-EF84-4F2A-BA2C-00E97A3D1293}.Release|Any CPU.ActiveCfg = Release|Any CPU
		{011C30CD-EF84-4F2A-BA2C-00E97A3D1293}.Release|Any CPU.Build.0 = Release|Any CPU
		{011C30CD-EF84-4F2A-BA2C-00E97A3D1293}.Release|x64.ActiveCfg = Release|Any CPU
		{011C30CD-EF84-4F2A-BA2C-00E97A3D1293}.Release|x64.Build.0 = Release|Any CPU
		{011C30CD-EF84-4F2A-BA2C-00E97A3D1293}.Release|x86.ActiveCfg = Release|Any CPU
		{011C30CD-EF84-4F2A-BA2C-00E97A3D1293}.Release|x86.Build.0 = Release|Any CPU
		{A8D93D3B-3965-4C0B-863B-8ABB8A3D1A6C}.Debug|Any CPU.ActiveCfg = Debug|Any CPU
		{A8D93D3B-3965-4C0B-863B-8ABB8A3D1A6C}.Debug|Any CPU.Build.0 = Debug|Any CPU
		{A8D93D3B-3965-4C0B-863B-8ABB8A3D1A6C}.Debug|x64.ActiveCfg = Debug|Any CPU
		{A8D93D3B-3965-4C0B-863B-8ABB8A3D1A6C}.Debug|x64.Build.0 = Debug|Any CPU
		{A8D93D3B-3965-4C0B-863B-8ABB8A3D1A6C}.Debug|x86.ActiveCfg = Debug|Any CPU
		{A8D93D3B-3965-4C0B-863B-8ABB8A3D1A6C}.Debug|x86.Build.0 = Debug|Any CPU
		{A8D93D3B-3965-4C0B-863B-8ABB8A3D1A6C}.Release|Any CPU.ActiveCfg = Release|Any CPU
		{A8D93D3B-3965-4C0B-863B-8ABB8A3D1A6C}.Release|Any CPU.Build.0 = Release|Any CPU
		{A8D93D3B-3965-4C0B-863B-8ABB8A3D1A6C}.Release|x64.ActiveCfg = Release|Any CPU
		{A8D93D3B-3965-4C0B-863B-8ABB8A3D1A6C}.Release|x64.Build.0 = Release|Any CPU
		{A8D93D3B-3965-4C0B-863B-8ABB8A3D1A6C}.Release|x86.ActiveCfg = Release|Any CPU
		{A8D93D3B-3965-4C0B-863B-8ABB8A3D1A6C}.Release|x86.Build.0 = Release|Any CPU
		{72F66D22-9166-48EF-9373-C8B84A1B89C3}.Debug|Any CPU.ActiveCfg = Debug|Any CPU
		{72F66D22-9166-48EF-9373-C8B84A1B89C3}.Debug|Any CPU.Build.0 = Debug|Any CPU
		{72F66D22-9166-48EF-9373-C8B84A1B89C3}.Debug|x64.ActiveCfg = Debug|Any CPU
		{72F66D22-9166-48EF-9373-C8B84A1B89C3}.Debug|x64.Build.0 = Debug|Any CPU
		{72F66D22-9166-48EF-9373-C8B84A1B89C3}.Debug|x86.ActiveCfg = Debug|Any CPU
		{72F66D22-9166-48EF-9373-C8B84A1B89C3}.Debug|x86.Build.0 = Debug|Any CPU
		{72F66D22-9166-48EF-9373-C8B84A1B89C3}.Release|Any CPU.ActiveCfg = Release|Any CPU
		{72F66D22-9166-48EF-9373-C8B84A1B89C3}.Release|Any CPU.Build.0 = Release|Any CPU
		{72F66D22-9166-48EF-9373-C8B84A1B89C3}.Release|x64.ActiveCfg = Release|Any CPU
		{72F66D22-9166-48EF-9373-C8B84A1B89C3}.Release|x64.Build.0 = Release|Any CPU
		{72F66D22-9166-48EF-9373-C8B84A1B89C3}.Release|x86.ActiveCfg = Release|Any CPU
		{72F66D22-9166-48EF-9373-C8B84A1B89C3}.Release|x86.Build.0 = Release|Any CPU
		{34651EB9-7F86-40DC-9502-C34620660639}.Debug|Any CPU.ActiveCfg = Debug|Any CPU
		{34651EB9-7F86-40DC-9502-C34620660639}.Debug|Any CPU.Build.0 = Debug|Any CPU
		{34651EB9-7F86-40DC-9502-C34620660639}.Debug|x64.ActiveCfg = Debug|Any CPU
		{34651EB9-7F86-40DC-9502-C34620660639}.Debug|x64.Build.0 = Debug|Any CPU
		{34651EB9-7F86-40DC-9502-C34620660639}.Debug|x86.ActiveCfg = Debug|Any CPU
		{34651EB9-7F86-40DC-9502-C34620660639}.Debug|x86.Build.0 = Debug|Any CPU
		{34651EB9-7F86-40DC-9502-C34620660639}.Release|Any CPU.ActiveCfg = Release|Any CPU
		{34651EB9-7F86-40DC-9502-C34620660639}.Release|Any CPU.Build.0 = Release|Any CPU
		{34651EB9-7F86-40DC-9502-C34620660639}.Release|x64.ActiveCfg = Release|Any CPU
		{34651EB9-7F86-40DC-9502-C34620660639}.Release|x64.Build.0 = Release|Any CPU
		{34651EB9-7F86-40DC-9502-C34620660639}.Release|x86.ActiveCfg = Release|Any CPU
		{34651EB9-7F86-40DC-9502-C34620660639}.Release|x86.Build.0 = Release|Any CPU
		{725BD5ED-FBFF-4EBC-84C2-C1886650F77E}.Debug|Any CPU.ActiveCfg = Debug|Any CPU
		{725BD5ED-FBFF-4EBC-84C2-C1886650F77E}.Debug|Any CPU.Build.0 = Debug|Any CPU
		{725BD5ED-FBFF-4EBC-84C2-C1886650F77E}.Debug|x64.ActiveCfg = Debug|Any CPU
		{725BD5ED-FBFF-4EBC-84C2-C1886650F77E}.Debug|x64.Build.0 = Debug|Any CPU
		{725BD5ED-FBFF-4EBC-84C2-C1886650F77E}.Debug|x86.ActiveCfg = Debug|Any CPU
		{725BD5ED-FBFF-4EBC-84C2-C1886650F77E}.Debug|x86.Build.0 = Debug|Any CPU
		{725BD5ED-FBFF-4EBC-84C2-C1886650F77E}.Release|Any CPU.ActiveCfg = Release|Any CPU
		{725BD5ED-FBFF-4EBC-84C2-C1886650F77E}.Release|Any CPU.Build.0 = Release|Any CPU
		{725BD5ED-FBFF-4EBC-84C2-C1886650F77E}.Release|x64.ActiveCfg = Release|Any CPU
		{725BD5ED-FBFF-4EBC-84C2-C1886650F77E}.Release|x64.Build.0 = Release|Any CPU
		{725BD5ED-FBFF-4EBC-84C2-C1886650F77E}.Release|x86.ActiveCfg = Release|Any CPU
		{725BD5ED-FBFF-4EBC-84C2-C1886650F77E}.Release|x86.Build.0 = Release|Any CPU
		{50E763C4-96E1-407A-A13A-40E0096CBA5E}.Debug|Any CPU.ActiveCfg = Debug|Any CPU
		{50E763C4-96E1-407A-A13A-40E0096CBA5E}.Debug|Any CPU.Build.0 = Debug|Any CPU
		{50E763C4-96E1-407A-A13A-40E0096CBA5E}.Debug|x64.ActiveCfg = Debug|Any CPU
		{50E763C4-96E1-407A-A13A-40E0096CBA5E}.Debug|x64.Build.0 = Debug|Any CPU
		{50E763C4-96E1-407A-A13A-40E0096CBA5E}.Debug|x86.ActiveCfg = Debug|Any CPU
		{50E763C4-96E1-407A-A13A-40E0096CBA5E}.Debug|x86.Build.0 = Debug|Any CPU
		{50E763C4-96E1-407A-A13A-40E0096CBA5E}.Release|Any CPU.ActiveCfg = Release|Any CPU
		{50E763C4-96E1-407A-A13A-40E0096CBA5E}.Release|Any CPU.Build.0 = Release|Any CPU
		{50E763C4-96E1-407A-A13A-40E0096CBA5E}.Release|x64.ActiveCfg = Release|Any CPU
		{50E763C4-96E1-407A-A13A-40E0096CBA5E}.Release|x64.Build.0 = Release|Any CPU
		{50E763C4-96E1-407A-A13A-40E0096CBA5E}.Release|x86.ActiveCfg = Release|Any CPU
		{50E763C4-96E1-407A-A13A-40E0096CBA5E}.Release|x86.Build.0 = Release|Any CPU
		{F996C4E7-34C1-4995-A81E-4A8EDBD6133A}.Debug|Any CPU.ActiveCfg = Debug|Any CPU
		{F996C4E7-34C1-4995-A81E-4A8EDBD6133A}.Debug|Any CPU.Build.0 = Debug|Any CPU
		{F996C4E7-34C1-4995-A81E-4A8EDBD6133A}.Debug|x64.ActiveCfg = Debug|Any CPU
		{F996C4E7-34C1-4995-A81E-4A8EDBD6133A}.Debug|x64.Build.0 = Debug|Any CPU
		{F996C4E7-34C1-4995-A81E-4A8EDBD6133A}.Debug|x86.ActiveCfg = Debug|Any CPU
		{F996C4E7-34C1-4995-A81E-4A8EDBD6133A}.Debug|x86.Build.0 = Debug|Any CPU
		{F996C4E7-34C1-4995-A81E-4A8EDBD6133A}.Release|Any CPU.ActiveCfg = Release|Any CPU
		{F996C4E7-34C1-4995-A81E-4A8EDBD6133A}.Release|Any CPU.Build.0 = Release|Any CPU
		{F996C4E7-34C1-4995-A81E-4A8EDBD6133A}.Release|x64.ActiveCfg = Release|Any CPU
		{F996C4E7-34C1-4995-A81E-4A8EDBD6133A}.Release|x64.Build.0 = Release|Any CPU
		{F996C4E7-34C1-4995-A81E-4A8EDBD6133A}.Release|x86.ActiveCfg = Release|Any CPU
		{F996C4E7-34C1-4995-A81E-4A8EDBD6133A}.Release|x86.Build.0 = Release|Any CPU
		{56CCD7B2-0103-480D-8532-AEC9B4653D09}.Debug|Any CPU.ActiveCfg = Debug|Any CPU
		{56CCD7B2-0103-480D-8532-AEC9B4653D09}.Debug|Any CPU.Build.0 = Debug|Any CPU
		{56CCD7B2-0103-480D-8532-AEC9B4653D09}.Debug|x64.ActiveCfg = Debug|Any CPU
		{56CCD7B2-0103-480D-8532-AEC9B4653D09}.Debug|x64.Build.0 = Debug|Any CPU
		{56CCD7B2-0103-480D-8532-AEC9B4653D09}.Debug|x86.ActiveCfg = Debug|Any CPU
		{56CCD7B2-0103-480D-8532-AEC9B4653D09}.Debug|x86.Build.0 = Debug|Any CPU
		{56CCD7B2-0103-480D-8532-AEC9B4653D09}.Release|Any CPU.ActiveCfg = Release|Any CPU
		{56CCD7B2-0103-480D-8532-AEC9B4653D09}.Release|Any CPU.Build.0 = Release|Any CPU
		{56CCD7B2-0103-480D-8532-AEC9B4653D09}.Release|x64.ActiveCfg = Release|Any CPU
		{56CCD7B2-0103-480D-8532-AEC9B4653D09}.Release|x64.Build.0 = Release|Any CPU
		{56CCD7B2-0103-480D-8532-AEC9B4653D09}.Release|x86.ActiveCfg = Release|Any CPU
		{56CCD7B2-0103-480D-8532-AEC9B4653D09}.Release|x86.Build.0 = Release|Any CPU
		{15B80BCD-F57A-472B-98F4-B79C1187D2D6}.Debug|Any CPU.ActiveCfg = Debug|Any CPU
		{15B80BCD-F57A-472B-98F4-B79C1187D2D6}.Debug|Any CPU.Build.0 = Debug|Any CPU
		{15B80BCD-F57A-472B-98F4-B79C1187D2D6}.Debug|x64.ActiveCfg = Debug|Any CPU
		{15B80BCD-F57A-472B-98F4-B79C1187D2D6}.Debug|x64.Build.0 = Debug|Any CPU
		{15B80BCD-F57A-472B-98F4-B79C1187D2D6}.Debug|x86.ActiveCfg = Debug|Any CPU
		{15B80BCD-F57A-472B-98F4-B79C1187D2D6}.Debug|x86.Build.0 = Debug|Any CPU
		{15B80BCD-F57A-472B-98F4-B79C1187D2D6}.Release|Any CPU.ActiveCfg = Release|Any CPU
		{15B80BCD-F57A-472B-98F4-B79C1187D2D6}.Release|Any CPU.Build.0 = Release|Any CPU
		{15B80BCD-F57A-472B-98F4-B79C1187D2D6}.Release|x64.ActiveCfg = Release|Any CPU
		{15B80BCD-F57A-472B-98F4-B79C1187D2D6}.Release|x64.Build.0 = Release|Any CPU
		{15B80BCD-F57A-472B-98F4-B79C1187D2D6}.Release|x86.ActiveCfg = Release|Any CPU
		{15B80BCD-F57A-472B-98F4-B79C1187D2D6}.Release|x86.Build.0 = Release|Any CPU
		{B4DC640E-5E23-4F6E-A52C-EB4D245A70B0}.Debug|Any CPU.ActiveCfg = Debug|Any CPU
		{B4DC640E-5E23-4F6E-A52C-EB4D245A70B0}.Debug|Any CPU.Build.0 = Debug|Any CPU
		{B4DC640E-5E23-4F6E-A52C-EB4D245A70B0}.Debug|x64.ActiveCfg = Debug|Any CPU
		{B4DC640E-5E23-4F6E-A52C-EB4D245A70B0}.Debug|x64.Build.0 = Debug|Any CPU
		{B4DC640E-5E23-4F6E-A52C-EB4D245A70B0}.Debug|x86.ActiveCfg = Debug|Any CPU
		{B4DC640E-5E23-4F6E-A52C-EB4D245A70B0}.Debug|x86.Build.0 = Debug|Any CPU
		{B4DC640E-5E23-4F6E-A52C-EB4D245A70B0}.Release|Any CPU.ActiveCfg = Release|Any CPU
		{B4DC640E-5E23-4F6E-A52C-EB4D245A70B0}.Release|Any CPU.Build.0 = Release|Any CPU
		{B4DC640E-5E23-4F6E-A52C-EB4D245A70B0}.Release|x64.ActiveCfg = Release|Any CPU
		{B4DC640E-5E23-4F6E-A52C-EB4D245A70B0}.Release|x64.Build.0 = Release|Any CPU
		{B4DC640E-5E23-4F6E-A52C-EB4D245A70B0}.Release|x86.ActiveCfg = Release|Any CPU
		{B4DC640E-5E23-4F6E-A52C-EB4D245A70B0}.Release|x86.Build.0 = Release|Any CPU
		{A1810AB7-1DBA-46CA-A371-28695F525AA9}.Debug|Any CPU.ActiveCfg = Debug|Any CPU
		{A1810AB7-1DBA-46CA-A371-28695F525AA9}.Debug|Any CPU.Build.0 = Debug|Any CPU
		{A1810AB7-1DBA-46CA-A371-28695F525AA9}.Debug|x64.ActiveCfg = Debug|Any CPU
		{A1810AB7-1DBA-46CA-A371-28695F525AA9}.Debug|x64.Build.0 = Debug|Any CPU
		{A1810AB7-1DBA-46CA-A371-28695F525AA9}.Debug|x86.ActiveCfg = Debug|Any CPU
		{A1810AB7-1DBA-46CA-A371-28695F525AA9}.Debug|x86.Build.0 = Debug|Any CPU
		{A1810AB7-1DBA-46CA-A371-28695F525AA9}.Release|Any CPU.ActiveCfg = Release|Any CPU
		{A1810AB7-1DBA-46CA-A371-28695F525AA9}.Release|Any CPU.Build.0 = Release|Any CPU
		{A1810AB7-1DBA-46CA-A371-28695F525AA9}.Release|x64.ActiveCfg = Release|Any CPU
		{A1810AB7-1DBA-46CA-A371-28695F525AA9}.Release|x64.Build.0 = Release|Any CPU
		{A1810AB7-1DBA-46CA-A371-28695F525AA9}.Release|x86.ActiveCfg = Release|Any CPU
		{A1810AB7-1DBA-46CA-A371-28695F525AA9}.Release|x86.Build.0 = Release|Any CPU
		{ADBDEB82-6637-449F-B08F-D821BBC3BA89}.Debug|Any CPU.ActiveCfg = Debug|Any CPU
		{ADBDEB82-6637-449F-B08F-D821BBC3BA89}.Debug|Any CPU.Build.0 = Debug|Any CPU
		{ADBDEB82-6637-449F-B08F-D821BBC3BA89}.Debug|x64.ActiveCfg = Debug|Any CPU
		{ADBDEB82-6637-449F-B08F-D821BBC3BA89}.Debug|x64.Build.0 = Debug|Any CPU
		{ADBDEB82-6637-449F-B08F-D821BBC3BA89}.Debug|x86.ActiveCfg = Debug|Any CPU
		{ADBDEB82-6637-449F-B08F-D821BBC3BA89}.Debug|x86.Build.0 = Debug|Any CPU
		{ADBDEB82-6637-449F-B08F-D821BBC3BA89}.Release|Any CPU.ActiveCfg = Release|Any CPU
		{ADBDEB82-6637-449F-B08F-D821BBC3BA89}.Release|Any CPU.Build.0 = Release|Any CPU
		{ADBDEB82-6637-449F-B08F-D821BBC3BA89}.Release|x64.ActiveCfg = Release|Any CPU
		{ADBDEB82-6637-449F-B08F-D821BBC3BA89}.Release|x64.Build.0 = Release|Any CPU
		{ADBDEB82-6637-449F-B08F-D821BBC3BA89}.Release|x86.ActiveCfg = Release|Any CPU
		{ADBDEB82-6637-449F-B08F-D821BBC3BA89}.Release|x86.Build.0 = Release|Any CPU
		{442B2D6A-A489-464B-B166-36FF1DBA563A}.Debug|Any CPU.ActiveCfg = Debug|Any CPU
		{442B2D6A-A489-464B-B166-36FF1DBA563A}.Debug|Any CPU.Build.0 = Debug|Any CPU
		{442B2D6A-A489-464B-B166-36FF1DBA563A}.Debug|x64.ActiveCfg = Debug|Any CPU
		{442B2D6A-A489-464B-B166-36FF1DBA563A}.Debug|x64.Build.0 = Debug|Any CPU
		{442B2D6A-A489-464B-B166-36FF1DBA563A}.Debug|x86.ActiveCfg = Debug|Any CPU
		{442B2D6A-A489-464B-B166-36FF1DBA563A}.Debug|x86.Build.0 = Debug|Any CPU
		{442B2D6A-A489-464B-B166-36FF1DBA563A}.Release|Any CPU.ActiveCfg = Release|Any CPU
		{442B2D6A-A489-464B-B166-36FF1DBA563A}.Release|Any CPU.Build.0 = Release|Any CPU
		{442B2D6A-A489-464B-B166-36FF1DBA563A}.Release|x64.ActiveCfg = Release|Any CPU
		{442B2D6A-A489-464B-B166-36FF1DBA563A}.Release|x64.Build.0 = Release|Any CPU
		{442B2D6A-A489-464B-B166-36FF1DBA563A}.Release|x86.ActiveCfg = Release|Any CPU
		{442B2D6A-A489-464B-B166-36FF1DBA563A}.Release|x86.Build.0 = Release|Any CPU
		{2710B2BE-934C-4BE6-873D-8186EF5172AC}.Debug|Any CPU.ActiveCfg = Debug|Any CPU
		{2710B2BE-934C-4BE6-873D-8186EF5172AC}.Debug|Any CPU.Build.0 = Debug|Any CPU
		{2710B2BE-934C-4BE6-873D-8186EF5172AC}.Debug|x64.ActiveCfg = Debug|Any CPU
		{2710B2BE-934C-4BE6-873D-8186EF5172AC}.Debug|x64.Build.0 = Debug|Any CPU
		{2710B2BE-934C-4BE6-873D-8186EF5172AC}.Debug|x86.ActiveCfg = Debug|Any CPU
		{2710B2BE-934C-4BE6-873D-8186EF5172AC}.Debug|x86.Build.0 = Debug|Any CPU
		{2710B2BE-934C-4BE6-873D-8186EF5172AC}.Release|Any CPU.ActiveCfg = Release|Any CPU
		{2710B2BE-934C-4BE6-873D-8186EF5172AC}.Release|Any CPU.Build.0 = Release|Any CPU
		{2710B2BE-934C-4BE6-873D-8186EF5172AC}.Release|x64.ActiveCfg = Release|Any CPU
		{2710B2BE-934C-4BE6-873D-8186EF5172AC}.Release|x64.Build.0 = Release|Any CPU
		{2710B2BE-934C-4BE6-873D-8186EF5172AC}.Release|x86.ActiveCfg = Release|Any CPU
		{2710B2BE-934C-4BE6-873D-8186EF5172AC}.Release|x86.Build.0 = Release|Any CPU
		{DB65FAA4-F5BD-412C-AEBF-D927A6D001A2}.Debug|Any CPU.ActiveCfg = Debug|Any CPU
		{DB65FAA4-F5BD-412C-AEBF-D927A6D001A2}.Debug|Any CPU.Build.0 = Debug|Any CPU
		{DB65FAA4-F5BD-412C-AEBF-D927A6D001A2}.Debug|x64.ActiveCfg = Debug|Any CPU
		{DB65FAA4-F5BD-412C-AEBF-D927A6D001A2}.Debug|x64.Build.0 = Debug|Any CPU
		{DB65FAA4-F5BD-412C-AEBF-D927A6D001A2}.Debug|x86.ActiveCfg = Debug|Any CPU
		{DB65FAA4-F5BD-412C-AEBF-D927A6D001A2}.Debug|x86.Build.0 = Debug|Any CPU
		{DB65FAA4-F5BD-412C-AEBF-D927A6D001A2}.Release|Any CPU.ActiveCfg = Release|Any CPU
		{DB65FAA4-F5BD-412C-AEBF-D927A6D001A2}.Release|Any CPU.Build.0 = Release|Any CPU
		{DB65FAA4-F5BD-412C-AEBF-D927A6D001A2}.Release|x64.ActiveCfg = Release|Any CPU
		{DB65FAA4-F5BD-412C-AEBF-D927A6D001A2}.Release|x64.Build.0 = Release|Any CPU
		{DB65FAA4-F5BD-412C-AEBF-D927A6D001A2}.Release|x86.ActiveCfg = Release|Any CPU
		{DB65FAA4-F5BD-412C-AEBF-D927A6D001A2}.Release|x86.Build.0 = Release|Any CPU
		{745DC012-FE49-4055-8AD6-0950E0B557A8}.Debug|Any CPU.ActiveCfg = Debug|Any CPU
		{745DC012-FE49-4055-8AD6-0950E0B557A8}.Debug|Any CPU.Build.0 = Debug|Any CPU
		{745DC012-FE49-4055-8AD6-0950E0B557A8}.Debug|x64.ActiveCfg = Debug|Any CPU
		{745DC012-FE49-4055-8AD6-0950E0B557A8}.Debug|x64.Build.0 = Debug|Any CPU
		{745DC012-FE49-4055-8AD6-0950E0B557A8}.Debug|x86.ActiveCfg = Debug|Any CPU
		{745DC012-FE49-4055-8AD6-0950E0B557A8}.Debug|x86.Build.0 = Debug|Any CPU
		{745DC012-FE49-4055-8AD6-0950E0B557A8}.Release|Any CPU.ActiveCfg = Release|Any CPU
		{745DC012-FE49-4055-8AD6-0950E0B557A8}.Release|Any CPU.Build.0 = Release|Any CPU
		{745DC012-FE49-4055-8AD6-0950E0B557A8}.Release|x64.ActiveCfg = Release|Any CPU
		{745DC012-FE49-4055-8AD6-0950E0B557A8}.Release|x64.Build.0 = Release|Any CPU
		{745DC012-FE49-4055-8AD6-0950E0B557A8}.Release|x86.ActiveCfg = Release|Any CPU
		{745DC012-FE49-4055-8AD6-0950E0B557A8}.Release|x86.Build.0 = Release|Any CPU
		{932ED938-2161-48EF-B470-79C1FDCC5DE9}.Debug|Any CPU.ActiveCfg = Debug|Any CPU
		{932ED938-2161-48EF-B470-79C1FDCC5DE9}.Debug|Any CPU.Build.0 = Debug|Any CPU
		{932ED938-2161-48EF-B470-79C1FDCC5DE9}.Debug|x64.ActiveCfg = Debug|Any CPU
		{932ED938-2161-48EF-B470-79C1FDCC5DE9}.Debug|x64.Build.0 = Debug|Any CPU
		{932ED938-2161-48EF-B470-79C1FDCC5DE9}.Debug|x86.ActiveCfg = Debug|Any CPU
		{932ED938-2161-48EF-B470-79C1FDCC5DE9}.Debug|x86.Build.0 = Debug|Any CPU
		{932ED938-2161-48EF-B470-79C1FDCC5DE9}.Release|Any CPU.ActiveCfg = Release|Any CPU
		{932ED938-2161-48EF-B470-79C1FDCC5DE9}.Release|Any CPU.Build.0 = Release|Any CPU
		{932ED938-2161-48EF-B470-79C1FDCC5DE9}.Release|x64.ActiveCfg = Release|Any CPU
		{932ED938-2161-48EF-B470-79C1FDCC5DE9}.Release|x64.Build.0 = Release|Any CPU
		{932ED938-2161-48EF-B470-79C1FDCC5DE9}.Release|x86.ActiveCfg = Release|Any CPU
		{932ED938-2161-48EF-B470-79C1FDCC5DE9}.Release|x86.Build.0 = Release|Any CPU
		{B72966AB-CAD1-4939-971D-AB3D97B7265C}.Debug|Any CPU.ActiveCfg = Debug|Any CPU
		{B72966AB-CAD1-4939-971D-AB3D97B7265C}.Debug|Any CPU.Build.0 = Debug|Any CPU
		{B72966AB-CAD1-4939-971D-AB3D97B7265C}.Debug|x64.ActiveCfg = Debug|Any CPU
		{B72966AB-CAD1-4939-971D-AB3D97B7265C}.Debug|x64.Build.0 = Debug|Any CPU
		{B72966AB-CAD1-4939-971D-AB3D97B7265C}.Debug|x86.ActiveCfg = Debug|Any CPU
		{B72966AB-CAD1-4939-971D-AB3D97B7265C}.Debug|x86.Build.0 = Debug|Any CPU
		{B72966AB-CAD1-4939-971D-AB3D97B7265C}.Release|Any CPU.ActiveCfg = Release|Any CPU
		{B72966AB-CAD1-4939-971D-AB3D97B7265C}.Release|Any CPU.Build.0 = Release|Any CPU
		{B72966AB-CAD1-4939-971D-AB3D97B7265C}.Release|x64.ActiveCfg = Release|Any CPU
		{B72966AB-CAD1-4939-971D-AB3D97B7265C}.Release|x64.Build.0 = Release|Any CPU
		{B72966AB-CAD1-4939-971D-AB3D97B7265C}.Release|x86.ActiveCfg = Release|Any CPU
		{B72966AB-CAD1-4939-971D-AB3D97B7265C}.Release|x86.Build.0 = Release|Any CPU
		{6F858565-C5FE-4A86-B387-1C870F802EE4}.Debug|Any CPU.ActiveCfg = Debug|Any CPU
		{6F858565-C5FE-4A86-B387-1C870F802EE4}.Debug|Any CPU.Build.0 = Debug|Any CPU
		{6F858565-C5FE-4A86-B387-1C870F802EE4}.Debug|x64.ActiveCfg = Debug|Any CPU
		{6F858565-C5FE-4A86-B387-1C870F802EE4}.Debug|x64.Build.0 = Debug|Any CPU
		{6F858565-C5FE-4A86-B387-1C870F802EE4}.Debug|x86.ActiveCfg = Debug|Any CPU
		{6F858565-C5FE-4A86-B387-1C870F802EE4}.Debug|x86.Build.0 = Debug|Any CPU
		{6F858565-C5FE-4A86-B387-1C870F802EE4}.Release|Any CPU.ActiveCfg = Release|Any CPU
		{6F858565-C5FE-4A86-B387-1C870F802EE4}.Release|Any CPU.Build.0 = Release|Any CPU
		{6F858565-C5FE-4A86-B387-1C870F802EE4}.Release|x64.ActiveCfg = Release|Any CPU
		{6F858565-C5FE-4A86-B387-1C870F802EE4}.Release|x64.Build.0 = Release|Any CPU
		{6F858565-C5FE-4A86-B387-1C870F802EE4}.Release|x86.ActiveCfg = Release|Any CPU
		{6F858565-C5FE-4A86-B387-1C870F802EE4}.Release|x86.Build.0 = Release|Any CPU
	EndGlobalSection
	GlobalSection(SolutionProperties) = preSolution
		HideSolutionNode = FALSE
	EndGlobalSection
	GlobalSection(NestedProjects) = preSolution
		{AC03EE4C-F42A-40B4-83FB-16A5DA368947} = {81ED94B5-0C65-432C-AEF5-67C3DFF7F2EE}
		{AE084BD5-29FB-459F-A29E-40D0656005E2} = {8965E5CD-E36E-4DC5-A36E-827AFFC642D1}
		{33550E4B-BF56-4307-BA5E-C815D372010C} = {8965E5CD-E36E-4DC5-A36E-827AFFC642D1}
		{2535575F-D98F-4398-BB3D-F7FA0CC2F9DB} = {81ED94B5-0C65-432C-AEF5-67C3DFF7F2EE}
		{A1EA2EF7-663C-48E0-9AEB-E3AF7F139839} = {8965E5CD-E36E-4DC5-A36E-827AFFC642D1}
		{580A09F4-D24A-408B-A75C-A4AF2B15AE02} = {8965E5CD-E36E-4DC5-A36E-827AFFC642D1}
		{08FAAF0A-5D41-45F7-A6D3-A0AB84E26B36} = {81ED94B5-0C65-432C-AEF5-67C3DFF7F2EE}
		{08200780-1BD6-4E3C-8059-D28E614A1375} = {81ED94B5-0C65-432C-AEF5-67C3DFF7F2EE}
		{A3AA15B3-FD4D-4CFA-989A-B9EE6F18E687} = {8965E5CD-E36E-4DC5-A36E-827AFFC642D1}
		{8F357970-5559-4129-9129-BD085688DF98} = {8965E5CD-E36E-4DC5-A36E-827AFFC642D1}
		{148EF33E-8884-411D-8B3A-F75DFA96DCD9} = {81ED94B5-0C65-432C-AEF5-67C3DFF7F2EE}
		{B2AF0232-BBCF-4A4A-82E5-112F5279EE67} = {81ED94B5-0C65-432C-AEF5-67C3DFF7F2EE}
		{A83EDDC0-414B-482D-BFF7-26AC70ED3FBB} = {8965E5CD-E36E-4DC5-A36E-827AFFC642D1}
		{9B9383BA-57B1-4B69-81F5-7F3FA7ECF6C8} = {8965E5CD-E36E-4DC5-A36E-827AFFC642D1}
		{A091E592-950E-438B-87B2-ABBD0F7812F0} = {81ED94B5-0C65-432C-AEF5-67C3DFF7F2EE}
		{E9668313-F7DD-48AD-9BC2-1E015DB238E1} = {81ED94B5-0C65-432C-AEF5-67C3DFF7F2EE}
		{660B55DA-E6F1-436A-9EA6-E80B498B0A65} = {8965E5CD-E36E-4DC5-A36E-827AFFC642D1}
		{2028D7FF-922C-42B1-98A3-FEA0250CCDDC} = {8965E5CD-E36E-4DC5-A36E-827AFFC642D1}
		{9686ECB4-BBB7-43B1-BDAF-8660676C2944} = {8965E5CD-E36E-4DC5-A36E-827AFFC642D1}
		{1BCD5345-E960-4421-90C8-ECCECB7B7D78} = {8965E5CD-E36E-4DC5-A36E-827AFFC642D1}
		{6055BB05-B0BA-4C1A-9959-A58A94A9E133} = {81ED94B5-0C65-432C-AEF5-67C3DFF7F2EE}
		{011C30CD-EF84-4F2A-BA2C-00E97A3D1293} = {81ED94B5-0C65-432C-AEF5-67C3DFF7F2EE}
		{A8D93D3B-3965-4C0B-863B-8ABB8A3D1A6C} = {81ED94B5-0C65-432C-AEF5-67C3DFF7F2EE}
		{72F66D22-9166-48EF-9373-C8B84A1B89C3} = {81ED94B5-0C65-432C-AEF5-67C3DFF7F2EE}
		{34651EB9-7F86-40DC-9502-C34620660639} = {81ED94B5-0C65-432C-AEF5-67C3DFF7F2EE}
		{725BD5ED-FBFF-4EBC-84C2-C1886650F77E} = {81ED94B5-0C65-432C-AEF5-67C3DFF7F2EE}
		{50E763C4-96E1-407A-A13A-40E0096CBA5E} = {81ED94B5-0C65-432C-AEF5-67C3DFF7F2EE}
		{F996C4E7-34C1-4995-A81E-4A8EDBD6133A} = {81ED94B5-0C65-432C-AEF5-67C3DFF7F2EE}
		{56CCD7B2-0103-480D-8532-AEC9B4653D09} = {8965E5CD-E36E-4DC5-A36E-827AFFC642D1}
		{15B80BCD-F57A-472B-98F4-B79C1187D2D6} = {8965E5CD-E36E-4DC5-A36E-827AFFC642D1}
		{B4DC640E-5E23-4F6E-A52C-EB4D245A70B0} = {8965E5CD-E36E-4DC5-A36E-827AFFC642D1}
		{A1810AB7-1DBA-46CA-A371-28695F525AA9} = {8965E5CD-E36E-4DC5-A36E-827AFFC642D1}
		{ADBDEB82-6637-449F-B08F-D821BBC3BA89} = {8965E5CD-E36E-4DC5-A36E-827AFFC642D1}
		{442B2D6A-A489-464B-B166-36FF1DBA563A} = {8965E5CD-E36E-4DC5-A36E-827AFFC642D1}
		{2710B2BE-934C-4BE6-873D-8186EF5172AC} = {8965E5CD-E36E-4DC5-A36E-827AFFC642D1}
		{DB65FAA4-F5BD-412C-AEBF-D927A6D001A2} = {8965E5CD-E36E-4DC5-A36E-827AFFC642D1}
		{745DC012-FE49-4055-8AD6-0950E0B557A8} = {8965E5CD-E36E-4DC5-A36E-827AFFC642D1}
		{932ED938-2161-48EF-B470-79C1FDCC5DE9} = {8965E5CD-E36E-4DC5-A36E-827AFFC642D1}
		{B72966AB-CAD1-4939-971D-AB3D97B7265C} = {8965E5CD-E36E-4DC5-A36E-827AFFC642D1}
		{6F858565-C5FE-4A86-B387-1C870F802EE4} = {8965E5CD-E36E-4DC5-A36E-827AFFC642D1}
	EndGlobalSection
	GlobalSection(ExtensibilityGlobals) = postSolution
		SolutionGuid = {64415837-63D9-474E-A25C-EE91C9CA90C5}
	EndGlobalSection
EndGlobal
