
Microsoft Visual Studio Solution File, Format Version 12.00
# Visual Studio 15
VisualStudioVersion = 15.0.28307.168
MinimumVisualStudioVersion = 10.0.40219.1
Project("{9A19103F-16F7-4668-BE54-9A1E7A4F7556}") = "NetCoreServer", "source\NetCoreServer\NetCoreServer.csproj", "{F338BFE3-6C55-4BB7-960D-0B2A81A011C3}"
EndProject
Project("{2150E333-8FDC-42A3-9474-1A3956D46DE8}") = "examples", "examples", "{81ED94B5-0C65-432C-AEF5-67C3DFF7F2EE}"
EndProject
Project("{2150E333-8FDC-42A3-9474-1A3956D46DE8}") = "performance", "performance", "{8965E5CD-E36E-4DC5-A36E-827AFFC642D1}"
EndProject
Project("{9A19103F-16F7-4668-BE54-9A1E7A4F7556}") = "TcpChatServer", "examples\TcpChatServer\TcpChatServer.csproj", "{AC03EE4C-F42A-40B4-83FB-16A5DA368947}"
EndProject
Project("{9A19103F-16F7-4668-BE54-9A1E7A4F7556}") = "TcpEchoServer", "performance\TcpEchoServer\TcpEchoServer.csproj", "{AE084BD5-29FB-459F-A29E-40D0656005E2}"
EndProject
Project("{9A19103F-16F7-4668-BE54-9A1E7A4F7556}") = "TcpMulticastServer", "performance\TcpMulticastServer\TcpMulticastServer.csproj", "{33550E4B-BF56-4307-BA5E-C815D372010C}"
EndProject
Project("{9A19103F-16F7-4668-BE54-9A1E7A4F7556}") = "TcpChatClient", "examples\TcpChatClient\TcpChatClient.csproj", "{2535575F-D98F-4398-BB3D-F7FA0CC2F9DB}"
EndProject
Project("{9A19103F-16F7-4668-BE54-9A1E7A4F7556}") = "TcpEchoClient", "performance\TcpEchoClient\TcpEchoClient.csproj", "{A1EA2EF7-663C-48E0-9AEB-E3AF7F139839}"
EndProject
Project("{9A19103F-16F7-4668-BE54-9A1E7A4F7556}") = "TcpMulticastClient", "performance\TcpMulticastClient\TcpMulticastClient.csproj", "{580A09F4-D24A-408B-A75C-A4AF2B15AE02}"
EndProject
Project("{9A19103F-16F7-4668-BE54-9A1E7A4F7556}") = "tests", "tests\tests.csproj", "{9C37C898-6C8C-49D6-B06F-0A9B26F3FF7F}"
EndProject
Project("{9A19103F-16F7-4668-BE54-9A1E7A4F7556}") = "UdpEchoClientExample", "examples\UdpEchoClient\UdpEchoClientExample.csproj", "{08FAAF0A-5D41-45F7-A6D3-A0AB84E26B36}"
EndProject
Project("{FAE04EC0-301F-11D3-BF4B-00C04F79EFBC}") = "UdpMulticastClientExample", "examples\UdpMulticastClient\UdpMulticastClientExample.csproj", "{08200780-1BD6-4E3C-8059-D28E614A1375}"
EndProject
Project("{FAE04EC0-301F-11D3-BF4B-00C04F79EFBC}") = "UdpEchoClient", "performance\UdpEchoClient\UdpEchoClient.csproj", "{A3AA15B3-FD4D-4CFA-989A-B9EE6F18E687}"
EndProject
Project("{FAE04EC0-301F-11D3-BF4B-00C04F79EFBC}") = "UdpMulticastClient", "performance\UdpMulticastClient\UdpMulticastClient.csproj", "{8F357970-5559-4129-9129-BD085688DF98}"
EndProject
Global
	GlobalSection(SolutionConfigurationPlatforms) = preSolution
		Debug|Any CPU = Debug|Any CPU
		Debug|x64 = Debug|x64
		Debug|x86 = Debug|x86
		Release|Any CPU = Release|Any CPU
		Release|x64 = Release|x64
		Release|x86 = Release|x86
	EndGlobalSection
	GlobalSection(ProjectConfigurationPlatforms) = postSolution
		{F338BFE3-6C55-4BB7-960D-0B2A81A011C3}.Debug|Any CPU.ActiveCfg = Debug|Any CPU
		{F338BFE3-6C55-4BB7-960D-0B2A81A011C3}.Debug|Any CPU.Build.0 = Debug|Any CPU
		{F338BFE3-6C55-4BB7-960D-0B2A81A011C3}.Debug|x64.ActiveCfg = Debug|Any CPU
		{F338BFE3-6C55-4BB7-960D-0B2A81A011C3}.Debug|x64.Build.0 = Debug|Any CPU
		{F338BFE3-6C55-4BB7-960D-0B2A81A011C3}.Debug|x86.ActiveCfg = Debug|Any CPU
		{F338BFE3-6C55-4BB7-960D-0B2A81A011C3}.Debug|x86.Build.0 = Debug|Any CPU
		{F338BFE3-6C55-4BB7-960D-0B2A81A011C3}.Release|Any CPU.ActiveCfg = Release|Any CPU
		{F338BFE3-6C55-4BB7-960D-0B2A81A011C3}.Release|Any CPU.Build.0 = Release|Any CPU
		{F338BFE3-6C55-4BB7-960D-0B2A81A011C3}.Release|x64.ActiveCfg = Release|Any CPU
		{F338BFE3-6C55-4BB7-960D-0B2A81A011C3}.Release|x64.Build.0 = Release|Any CPU
		{F338BFE3-6C55-4BB7-960D-0B2A81A011C3}.Release|x86.ActiveCfg = Release|Any CPU
		{F338BFE3-6C55-4BB7-960D-0B2A81A011C3}.Release|x86.Build.0 = Release|Any CPU
		{AC03EE4C-F42A-40B4-83FB-16A5DA368947}.Debug|Any CPU.ActiveCfg = Debug|Any CPU
		{AC03EE4C-F42A-40B4-83FB-16A5DA368947}.Debug|Any CPU.Build.0 = Debug|Any CPU
		{AC03EE4C-F42A-40B4-83FB-16A5DA368947}.Debug|x64.ActiveCfg = Debug|Any CPU
		{AC03EE4C-F42A-40B4-83FB-16A5DA368947}.Debug|x64.Build.0 = Debug|Any CPU
		{AC03EE4C-F42A-40B4-83FB-16A5DA368947}.Debug|x86.ActiveCfg = Debug|Any CPU
		{AC03EE4C-F42A-40B4-83FB-16A5DA368947}.Debug|x86.Build.0 = Debug|Any CPU
		{AC03EE4C-F42A-40B4-83FB-16A5DA368947}.Release|Any CPU.ActiveCfg = Release|Any CPU
		{AC03EE4C-F42A-40B4-83FB-16A5DA368947}.Release|Any CPU.Build.0 = Release|Any CPU
		{AC03EE4C-F42A-40B4-83FB-16A5DA368947}.Release|x64.ActiveCfg = Release|Any CPU
		{AC03EE4C-F42A-40B4-83FB-16A5DA368947}.Release|x64.Build.0 = Release|Any CPU
		{AC03EE4C-F42A-40B4-83FB-16A5DA368947}.Release|x86.ActiveCfg = Release|Any CPU
		{AC03EE4C-F42A-40B4-83FB-16A5DA368947}.Release|x86.Build.0 = Release|Any CPU
		{AE084BD5-29FB-459F-A29E-40D0656005E2}.Debug|Any CPU.ActiveCfg = Debug|Any CPU
		{AE084BD5-29FB-459F-A29E-40D0656005E2}.Debug|Any CPU.Build.0 = Debug|Any CPU
		{AE084BD5-29FB-459F-A29E-40D0656005E2}.Debug|x64.ActiveCfg = Debug|Any CPU
		{AE084BD5-29FB-459F-A29E-40D0656005E2}.Debug|x64.Build.0 = Debug|Any CPU
		{AE084BD5-29FB-459F-A29E-40D0656005E2}.Debug|x86.ActiveCfg = Debug|Any CPU
		{AE084BD5-29FB-459F-A29E-40D0656005E2}.Debug|x86.Build.0 = Debug|Any CPU
		{AE084BD5-29FB-459F-A29E-40D0656005E2}.Release|Any CPU.ActiveCfg = Release|Any CPU
		{AE084BD5-29FB-459F-A29E-40D0656005E2}.Release|Any CPU.Build.0 = Release|Any CPU
		{AE084BD5-29FB-459F-A29E-40D0656005E2}.Release|x64.ActiveCfg = Release|Any CPU
		{AE084BD5-29FB-459F-A29E-40D0656005E2}.Release|x64.Build.0 = Release|Any CPU
		{AE084BD5-29FB-459F-A29E-40D0656005E2}.Release|x86.ActiveCfg = Release|Any CPU
		{AE084BD5-29FB-459F-A29E-40D0656005E2}.Release|x86.Build.0 = Release|Any CPU
		{33550E4B-BF56-4307-BA5E-C815D372010C}.Debug|Any CPU.ActiveCfg = Debug|Any CPU
		{33550E4B-BF56-4307-BA5E-C815D372010C}.Debug|Any CPU.Build.0 = Debug|Any CPU
		{33550E4B-BF56-4307-BA5E-C815D372010C}.Debug|x64.ActiveCfg = Debug|Any CPU
		{33550E4B-BF56-4307-BA5E-C815D372010C}.Debug|x64.Build.0 = Debug|Any CPU
		{33550E4B-BF56-4307-BA5E-C815D372010C}.Debug|x86.ActiveCfg = Debug|Any CPU
		{33550E4B-BF56-4307-BA5E-C815D372010C}.Debug|x86.Build.0 = Debug|Any CPU
		{33550E4B-BF56-4307-BA5E-C815D372010C}.Release|Any CPU.ActiveCfg = Release|Any CPU
		{33550E4B-BF56-4307-BA5E-C815D372010C}.Release|Any CPU.Build.0 = Release|Any CPU
		{33550E4B-BF56-4307-BA5E-C815D372010C}.Release|x64.ActiveCfg = Release|Any CPU
		{33550E4B-BF56-4307-BA5E-C815D372010C}.Release|x64.Build.0 = Release|Any CPU
		{33550E4B-BF56-4307-BA5E-C815D372010C}.Release|x86.ActiveCfg = Release|Any CPU
		{33550E4B-BF56-4307-BA5E-C815D372010C}.Release|x86.Build.0 = Release|Any CPU
		{2535575F-D98F-4398-BB3D-F7FA0CC2F9DB}.Debug|Any CPU.ActiveCfg = Debug|Any CPU
		{2535575F-D98F-4398-BB3D-F7FA0CC2F9DB}.Debug|Any CPU.Build.0 = Debug|Any CPU
		{2535575F-D98F-4398-BB3D-F7FA0CC2F9DB}.Debug|x64.ActiveCfg = Debug|Any CPU
		{2535575F-D98F-4398-BB3D-F7FA0CC2F9DB}.Debug|x64.Build.0 = Debug|Any CPU
		{2535575F-D98F-4398-BB3D-F7FA0CC2F9DB}.Debug|x86.ActiveCfg = Debug|Any CPU
		{2535575F-D98F-4398-BB3D-F7FA0CC2F9DB}.Debug|x86.Build.0 = Debug|Any CPU
		{2535575F-D98F-4398-BB3D-F7FA0CC2F9DB}.Release|Any CPU.ActiveCfg = Release|Any CPU
		{2535575F-D98F-4398-BB3D-F7FA0CC2F9DB}.Release|Any CPU.Build.0 = Release|Any CPU
		{2535575F-D98F-4398-BB3D-F7FA0CC2F9DB}.Release|x64.ActiveCfg = Release|Any CPU
		{2535575F-D98F-4398-BB3D-F7FA0CC2F9DB}.Release|x64.Build.0 = Release|Any CPU
		{2535575F-D98F-4398-BB3D-F7FA0CC2F9DB}.Release|x86.ActiveCfg = Release|Any CPU
		{2535575F-D98F-4398-BB3D-F7FA0CC2F9DB}.Release|x86.Build.0 = Release|Any CPU
		{A1EA2EF7-663C-48E0-9AEB-E3AF7F139839}.Debug|Any CPU.ActiveCfg = Debug|Any CPU
		{A1EA2EF7-663C-48E0-9AEB-E3AF7F139839}.Debug|Any CPU.Build.0 = Debug|Any CPU
		{A1EA2EF7-663C-48E0-9AEB-E3AF7F139839}.Debug|x64.ActiveCfg = Debug|Any CPU
		{A1EA2EF7-663C-48E0-9AEB-E3AF7F139839}.Debug|x64.Build.0 = Debug|Any CPU
		{A1EA2EF7-663C-48E0-9AEB-E3AF7F139839}.Debug|x86.ActiveCfg = Debug|Any CPU
		{A1EA2EF7-663C-48E0-9AEB-E3AF7F139839}.Debug|x86.Build.0 = Debug|Any CPU
		{A1EA2EF7-663C-48E0-9AEB-E3AF7F139839}.Release|Any CPU.ActiveCfg = Release|Any CPU
		{A1EA2EF7-663C-48E0-9AEB-E3AF7F139839}.Release|Any CPU.Build.0 = Release|Any CPU
		{A1EA2EF7-663C-48E0-9AEB-E3AF7F139839}.Release|x64.ActiveCfg = Release|Any CPU
		{A1EA2EF7-663C-48E0-9AEB-E3AF7F139839}.Release|x64.Build.0 = Release|Any CPU
		{A1EA2EF7-663C-48E0-9AEB-E3AF7F139839}.Release|x86.ActiveCfg = Release|Any CPU
		{A1EA2EF7-663C-48E0-9AEB-E3AF7F139839}.Release|x86.Build.0 = Release|Any CPU
		{580A09F4-D24A-408B-A75C-A4AF2B15AE02}.Debug|Any CPU.ActiveCfg = Debug|Any CPU
		{580A09F4-D24A-408B-A75C-A4AF2B15AE02}.Debug|Any CPU.Build.0 = Debug|Any CPU
		{580A09F4-D24A-408B-A75C-A4AF2B15AE02}.Debug|x64.ActiveCfg = Debug|Any CPU
		{580A09F4-D24A-408B-A75C-A4AF2B15AE02}.Debug|x64.Build.0 = Debug|Any CPU
		{580A09F4-D24A-408B-A75C-A4AF2B15AE02}.Debug|x86.ActiveCfg = Debug|Any CPU
		{580A09F4-D24A-408B-A75C-A4AF2B15AE02}.Debug|x86.Build.0 = Debug|Any CPU
		{580A09F4-D24A-408B-A75C-A4AF2B15AE02}.Release|Any CPU.ActiveCfg = Release|Any CPU
		{580A09F4-D24A-408B-A75C-A4AF2B15AE02}.Release|Any CPU.Build.0 = Release|Any CPU
		{580A09F4-D24A-408B-A75C-A4AF2B15AE02}.Release|x64.ActiveCfg = Release|Any CPU
		{580A09F4-D24A-408B-A75C-A4AF2B15AE02}.Release|x64.Build.0 = Release|Any CPU
		{580A09F4-D24A-408B-A75C-A4AF2B15AE02}.Release|x86.ActiveCfg = Release|Any CPU
		{580A09F4-D24A-408B-A75C-A4AF2B15AE02}.Release|x86.Build.0 = Release|Any CPU
		{9C37C898-6C8C-49D6-B06F-0A9B26F3FF7F}.Debug|Any CPU.ActiveCfg = Debug|Any CPU
		{9C37C898-6C8C-49D6-B06F-0A9B26F3FF7F}.Debug|Any CPU.Build.0 = Debug|Any CPU
		{9C37C898-6C8C-49D6-B06F-0A9B26F3FF7F}.Debug|x64.ActiveCfg = Debug|Any CPU
		{9C37C898-6C8C-49D6-B06F-0A9B26F3FF7F}.Debug|x64.Build.0 = Debug|Any CPU
		{9C37C898-6C8C-49D6-B06F-0A9B26F3FF7F}.Debug|x86.ActiveCfg = Debug|Any CPU
		{9C37C898-6C8C-49D6-B06F-0A9B26F3FF7F}.Debug|x86.Build.0 = Debug|Any CPU
		{9C37C898-6C8C-49D6-B06F-0A9B26F3FF7F}.Release|Any CPU.ActiveCfg = Release|Any CPU
		{9C37C898-6C8C-49D6-B06F-0A9B26F3FF7F}.Release|Any CPU.Build.0 = Release|Any CPU
		{9C37C898-6C8C-49D6-B06F-0A9B26F3FF7F}.Release|x64.ActiveCfg = Release|Any CPU
		{9C37C898-6C8C-49D6-B06F-0A9B26F3FF7F}.Release|x64.Build.0 = Release|Any CPU
		{9C37C898-6C8C-49D6-B06F-0A9B26F3FF7F}.Release|x86.ActiveCfg = Release|Any CPU
		{9C37C898-6C8C-49D6-B06F-0A9B26F3FF7F}.Release|x86.Build.0 = Release|Any CPU
		{08FAAF0A-5D41-45F7-A6D3-A0AB84E26B36}.Debug|Any CPU.ActiveCfg = Debug|Any CPU
		{08FAAF0A-5D41-45F7-A6D3-A0AB84E26B36}.Debug|Any CPU.Build.0 = Debug|Any CPU
		{08FAAF0A-5D41-45F7-A6D3-A0AB84E26B36}.Debug|x64.ActiveCfg = Debug|Any CPU
		{08FAAF0A-5D41-45F7-A6D3-A0AB84E26B36}.Debug|x64.Build.0 = Debug|Any CPU
		{08FAAF0A-5D41-45F7-A6D3-A0AB84E26B36}.Debug|x86.ActiveCfg = Debug|Any CPU
		{08FAAF0A-5D41-45F7-A6D3-A0AB84E26B36}.Debug|x86.Build.0 = Debug|Any CPU
		{08FAAF0A-5D41-45F7-A6D3-A0AB84E26B36}.Release|Any CPU.ActiveCfg = Release|Any CPU
		{08FAAF0A-5D41-45F7-A6D3-A0AB84E26B36}.Release|Any CPU.Build.0 = Release|Any CPU
		{08FAAF0A-5D41-45F7-A6D3-A0AB84E26B36}.Release|x64.ActiveCfg = Release|Any CPU
		{08FAAF0A-5D41-45F7-A6D3-A0AB84E26B36}.Release|x64.Build.0 = Release|Any CPU
		{08FAAF0A-5D41-45F7-A6D3-A0AB84E26B36}.Release|x86.ActiveCfg = Release|Any CPU
		{08FAAF0A-5D41-45F7-A6D3-A0AB84E26B36}.Release|x86.Build.0 = Release|Any CPU
		{08200780-1BD6-4E3C-8059-D28E614A1375}.Debug|Any CPU.ActiveCfg = Debug|Any CPU
		{08200780-1BD6-4E3C-8059-D28E614A1375}.Debug|Any CPU.Build.0 = Debug|Any CPU
		{08200780-1BD6-4E3C-8059-D28E614A1375}.Debug|x64.ActiveCfg = Debug|Any CPU
		{08200780-1BD6-4E3C-8059-D28E614A1375}.Debug|x64.Build.0 = Debug|Any CPU
		{08200780-1BD6-4E3C-8059-D28E614A1375}.Debug|x86.ActiveCfg = Debug|Any CPU
		{08200780-1BD6-4E3C-8059-D28E614A1375}.Debug|x86.Build.0 = Debug|Any CPU
		{08200780-1BD6-4E3C-8059-D28E614A1375}.Release|Any CPU.ActiveCfg = Release|Any CPU
		{08200780-1BD6-4E3C-8059-D28E614A1375}.Release|Any CPU.Build.0 = Release|Any CPU
		{08200780-1BD6-4E3C-8059-D28E614A1375}.Release|x64.ActiveCfg = Release|Any CPU
		{08200780-1BD6-4E3C-8059-D28E614A1375}.Release|x64.Build.0 = Release|Any CPU
		{08200780-1BD6-4E3C-8059-D28E614A1375}.Release|x86.ActiveCfg = Release|Any CPU
		{08200780-1BD6-4E3C-8059-D28E614A1375}.Release|x86.Build.0 = Release|Any CPU
		{A3AA15B3-FD4D-4CFA-989A-B9EE6F18E687}.Debug|Any CPU.ActiveCfg = Debug|Any CPU
		{A3AA15B3-FD4D-4CFA-989A-B9EE6F18E687}.Debug|Any CPU.Build.0 = Debug|Any CPU
		{A3AA15B3-FD4D-4CFA-989A-B9EE6F18E687}.Debug|x64.ActiveCfg = Debug|Any CPU
		{A3AA15B3-FD4D-4CFA-989A-B9EE6F18E687}.Debug|x64.Build.0 = Debug|Any CPU
		{A3AA15B3-FD4D-4CFA-989A-B9EE6F18E687}.Debug|x86.ActiveCfg = Debug|Any CPU
		{A3AA15B3-FD4D-4CFA-989A-B9EE6F18E687}.Debug|x86.Build.0 = Debug|Any CPU
		{A3AA15B3-FD4D-4CFA-989A-B9EE6F18E687}.Release|Any CPU.ActiveCfg = Release|Any CPU
		{A3AA15B3-FD4D-4CFA-989A-B9EE6F18E687}.Release|Any CPU.Build.0 = Release|Any CPU
		{A3AA15B3-FD4D-4CFA-989A-B9EE6F18E687}.Release|x64.ActiveCfg = Release|Any CPU
		{A3AA15B3-FD4D-4CFA-989A-B9EE6F18E687}.Release|x64.Build.0 = Release|Any CPU
		{A3AA15B3-FD4D-4CFA-989A-B9EE6F18E687}.Release|x86.ActiveCfg = Release|Any CPU
		{A3AA15B3-FD4D-4CFA-989A-B9EE6F18E687}.Release|x86.Build.0 = Release|Any CPU
		{8F357970-5559-4129-9129-BD085688DF98}.Debug|Any CPU.ActiveCfg = Debug|Any CPU
		{8F357970-5559-4129-9129-BD085688DF98}.Debug|Any CPU.Build.0 = Debug|Any CPU
		{8F357970-5559-4129-9129-BD085688DF98}.Debug|x64.ActiveCfg = Debug|Any CPU
		{8F357970-5559-4129-9129-BD085688DF98}.Debug|x64.Build.0 = Debug|Any CPU
		{8F357970-5559-4129-9129-BD085688DF98}.Debug|x86.ActiveCfg = Debug|Any CPU
		{8F357970-5559-4129-9129-BD085688DF98}.Debug|x86.Build.0 = Debug|Any CPU
		{8F357970-5559-4129-9129-BD085688DF98}.Release|Any CPU.ActiveCfg = Release|Any CPU
		{8F357970-5559-4129-9129-BD085688DF98}.Release|Any CPU.Build.0 = Release|Any CPU
		{8F357970-5559-4129-9129-BD085688DF98}.Release|x64.ActiveCfg = Release|Any CPU
		{8F357970-5559-4129-9129-BD085688DF98}.Release|x64.Build.0 = Release|Any CPU
		{8F357970-5559-4129-9129-BD085688DF98}.Release|x86.ActiveCfg = Release|Any CPU
		{8F357970-5559-4129-9129-BD085688DF98}.Release|x86.Build.0 = Release|Any CPU
	EndGlobalSection
	GlobalSection(SolutionProperties) = preSolution
		HideSolutionNode = FALSE
	EndGlobalSection
	GlobalSection(NestedProjects) = preSolution
		{AC03EE4C-F42A-40B4-83FB-16A5DA368947} = {81ED94B5-0C65-432C-AEF5-67C3DFF7F2EE}
		{AE084BD5-29FB-459F-A29E-40D0656005E2} = {8965E5CD-E36E-4DC5-A36E-827AFFC642D1}
		{33550E4B-BF56-4307-BA5E-C815D372010C} = {8965E5CD-E36E-4DC5-A36E-827AFFC642D1}
		{2535575F-D98F-4398-BB3D-F7FA0CC2F9DB} = {81ED94B5-0C65-432C-AEF5-67C3DFF7F2EE}
		{A1EA2EF7-663C-48E0-9AEB-E3AF7F139839} = {8965E5CD-E36E-4DC5-A36E-827AFFC642D1}
		{580A09F4-D24A-408B-A75C-A4AF2B15AE02} = {8965E5CD-E36E-4DC5-A36E-827AFFC642D1}
		{08FAAF0A-5D41-45F7-A6D3-A0AB84E26B36} = {81ED94B5-0C65-432C-AEF5-67C3DFF7F2EE}
		{08200780-1BD6-4E3C-8059-D28E614A1375} = {81ED94B5-0C65-432C-AEF5-67C3DFF7F2EE}
		{A3AA15B3-FD4D-4CFA-989A-B9EE6F18E687} = {8965E5CD-E36E-4DC5-A36E-827AFFC642D1}
		{8F357970-5559-4129-9129-BD085688DF98} = {8965E5CD-E36E-4DC5-A36E-827AFFC642D1}
	EndGlobalSection
	GlobalSection(ExtensibilityGlobals) = postSolution
		SolutionGuid = {64415837-63D9-474E-A25C-EE91C9CA90C5}
	EndGlobalSection
EndGlobal
